// !$*UTF8*$!
{
	archiveVersion = 1;
	classes = {
	};
	objectVersion = 46;
	objects = {

/* Begin PBXBuildFile section */
		F2436922197499DF00512371 /* Foundation.framework in Frameworks */ = {isa = PBXBuildFile; fileRef = F2436921197499DF00512371 /* Foundation.framework */; };
		F2436924197499DF00512371 /* CoreGraphics.framework in Frameworks */ = {isa = PBXBuildFile; fileRef = F2436923197499DF00512371 /* CoreGraphics.framework */; };
		F2436926197499DF00512371 /* UIKit.framework in Frameworks */ = {isa = PBXBuildFile; fileRef = F2436925197499DF00512371 /* UIKit.framework */; };
		F243692C197499DF00512371 /* InfoPlist.strings in Resources */ = {isa = PBXBuildFile; fileRef = F243692A197499DF00512371 /* InfoPlist.strings */; };
		F243692E197499DF00512371 /* main.m in Sources */ = {isa = PBXBuildFile; fileRef = F243692D197499DF00512371 /* main.m */; };
		F2436932197499DF00512371 /* BSDAppDelegate.m in Sources */ = {isa = PBXBuildFile; fileRef = F2436931197499DF00512371 /* BSDAppDelegate.m */; };
		F2436935197499DF00512371 /* Main_iPhone.storyboard in Resources */ = {isa = PBXBuildFile; fileRef = F2436933197499DF00512371 /* Main_iPhone.storyboard */; };
		F2436938197499DF00512371 /* Main_iPad.storyboard in Resources */ = {isa = PBXBuildFile; fileRef = F2436936197499DF00512371 /* Main_iPad.storyboard */; };
		F243693B197499DF00512371 /* BSDViewController.m in Sources */ = {isa = PBXBuildFile; fileRef = F243693A197499DF00512371 /* BSDViewController.m */; };
		F243693D197499DF00512371 /* Images.xcassets in Resources */ = {isa = PBXBuildFile; fileRef = F243693C197499DF00512371 /* Images.xcassets */; };
		F2436944197499DF00512371 /* XCTest.framework in Frameworks */ = {isa = PBXBuildFile; fileRef = F2436943197499DF00512371 /* XCTest.framework */; };
		F2436945197499DF00512371 /* Foundation.framework in Frameworks */ = {isa = PBXBuildFile; fileRef = F2436921197499DF00512371 /* Foundation.framework */; };
		F2436946197499DF00512371 /* UIKit.framework in Frameworks */ = {isa = PBXBuildFile; fileRef = F2436925197499DF00512371 /* UIKit.framework */; };
		F243694E197499DF00512371 /* InfoPlist.strings in Resources */ = {isa = PBXBuildFile; fileRef = F243694C197499DF00512371 /* InfoPlist.strings */; };
		F2436950197499DF00512371 /* BSDPatchExampleTests.m in Sources */ = {isa = PBXBuildFile; fileRef = F243694F197499DF00512371 /* BSDPatchExampleTests.m */; };
		F243698219749A1B00512371 /* BSDObject.m in Sources */ = {isa = PBXBuildFile; fileRef = F243695A19749A1B00512371 /* BSDObject.m */; };
		F243698319749A1B00512371 /* BSDEqual.m in Sources */ = {isa = PBXBuildFile; fileRef = F243695B19749A1B00512371 /* BSDEqual.m */; };
		F243698419749A1B00512371 /* BSDEqualGreater.m in Sources */ = {isa = PBXBuildFile; fileRef = F243695C19749A1B00512371 /* BSDEqualGreater.m */; };
		F243698519749A1B00512371 /* BSDEqualLess.m in Sources */ = {isa = PBXBuildFile; fileRef = F243695D19749A1B00512371 /* BSDEqualLess.m */; };
		F243698619749A1B00512371 /* BSDGreater.m in Sources */ = {isa = PBXBuildFile; fileRef = F243695E19749A1B00512371 /* BSDGreater.m */; };
		F243698719749A1B00512371 /* BSDLess.m in Sources */ = {isa = PBXBuildFile; fileRef = F243695F19749A1B00512371 /* BSDLess.m */; };
		F243698819749A1B00512371 /* BSDPower.m in Sources */ = {isa = PBXBuildFile; fileRef = F243696019749A1B00512371 /* BSDPower.m */; };
		F243698919749A1B00512371 /* BSDSwap.m in Sources */ = {isa = PBXBuildFile; fileRef = F243696119749A1B00512371 /* BSDSwap.m */; };
		F243698A19749A1B00512371 /* BSDValue.m in Sources */ = {isa = PBXBuildFile; fileRef = F243696219749A1B00512371 /* BSDValue.m */; };
		F243698B19749A1B00512371 /* BSDDistance.m in Sources */ = {isa = PBXBuildFile; fileRef = F243696419749A1B00512371 /* BSDDistance.m */; };
		F243698C19749A1B00512371 /* BSDRoute.m in Sources */ = {isa = PBXBuildFile; fileRef = F243696619749A1B00512371 /* BSDRoute.m */; };
		F243698D19749A1B00512371 /* BSDOutlet.m in Sources */ = {isa = PBXBuildFile; fileRef = F243696719749A1B00512371 /* BSDOutlet.m */; };
		F243698F19749A1B00512371 /* BSDAdd.m in Sources */ = {isa = PBXBuildFile; fileRef = F243696A19749A1B00512371 /* BSDAdd.m */; };
		F243699019749A1B00512371 /* BSDCreate.m in Sources */ = {isa = PBXBuildFile; fileRef = F243696C19749A1B00512371 /* BSDCreate.m */; };
		F243699119749A1B00512371 /* BSDDivide.m in Sources */ = {isa = PBXBuildFile; fileRef = F243696D19749A1B00512371 /* BSDDivide.m */; };
		F243699219749A1B00512371 /* BSDMultiply.m in Sources */ = {isa = PBXBuildFile; fileRef = F243696E19749A1B00512371 /* BSDMultiply.m */; };
		F243699319749A1B00512371 /* BSDSubtract.m in Sources */ = {isa = PBXBuildFile; fileRef = F243697019749A1B00512371 /* BSDSubtract.m */; };
		F243699419749A1B00512371 /* BSDInlet.m in Sources */ = {isa = PBXBuildFile; fileRef = F243697819749A1B00512371 /* BSDInlet.m */; };
		F243699519749A1B00512371 /* BSDPort.m in Sources */ = {isa = PBXBuildFile; fileRef = F243697D19749A1B00512371 /* BSDPort.m */; };
/* End PBXBuildFile section */

/* Begin PBXContainerItemProxy section */
		F2436947197499DF00512371 /* PBXContainerItemProxy */ = {
			isa = PBXContainerItemProxy;
			containerPortal = F2436916197499DF00512371 /* Project object */;
			proxyType = 1;
			remoteGlobalIDString = F243691D197499DF00512371;
			remoteInfo = BSDPatchExample;
		};
/* End PBXContainerItemProxy section */

/* Begin PBXFileReference section */
		F243691E197499DF00512371 /* BSDPatchExample.app */ = {isa = PBXFileReference; explicitFileType = wrapper.application; includeInIndex = 0; path = BSDPatchExample.app; sourceTree = BUILT_PRODUCTS_DIR; };
		F2436921197499DF00512371 /* Foundation.framework */ = {isa = PBXFileReference; lastKnownFileType = wrapper.framework; name = Foundation.framework; path = System/Library/Frameworks/Foundation.framework; sourceTree = SDKROOT; };
		F2436923197499DF00512371 /* CoreGraphics.framework */ = {isa = PBXFileReference; lastKnownFileType = wrapper.framework; name = CoreGraphics.framework; path = System/Library/Frameworks/CoreGraphics.framework; sourceTree = SDKROOT; };
		F2436925197499DF00512371 /* UIKit.framework */ = {isa = PBXFileReference; lastKnownFileType = wrapper.framework; name = UIKit.framework; path = System/Library/Frameworks/UIKit.framework; sourceTree = SDKROOT; };
		F2436929197499DF00512371 /* BSDPatchExample-Info.plist */ = {isa = PBXFileReference; lastKnownFileType = text.plist.xml; path = "BSDPatchExample-Info.plist"; sourceTree = "<group>"; };
		F243692B197499DF00512371 /* en */ = {isa = PBXFileReference; lastKnownFileType = text.plist.strings; name = en; path = en.lproj/InfoPlist.strings; sourceTree = "<group>"; };
		F243692D197499DF00512371 /* main.m */ = {isa = PBXFileReference; lastKnownFileType = sourcecode.c.objc; path = main.m; sourceTree = "<group>"; };
		F243692F197499DF00512371 /* BSDPatchExample-Prefix.pch */ = {isa = PBXFileReference; lastKnownFileType = sourcecode.c.h; path = "BSDPatchExample-Prefix.pch"; sourceTree = "<group>"; };
		F2436930197499DF00512371 /* BSDAppDelegate.h */ = {isa = PBXFileReference; lastKnownFileType = sourcecode.c.h; path = BSDAppDelegate.h; sourceTree = "<group>"; };
		F2436931197499DF00512371 /* BSDAppDelegate.m */ = {isa = PBXFileReference; lastKnownFileType = sourcecode.c.objc; path = BSDAppDelegate.m; sourceTree = "<group>"; };
		F2436934197499DF00512371 /* Base */ = {isa = PBXFileReference; lastKnownFileType = file.storyboard; name = Base; path = Base.lproj/Main_iPhone.storyboard; sourceTree = "<group>"; };
		F2436937197499DF00512371 /* Base */ = {isa = PBXFileReference; lastKnownFileType = file.storyboard; name = Base; path = Base.lproj/Main_iPad.storyboard; sourceTree = "<group>"; };
		F2436939197499DF00512371 /* BSDViewController.h */ = {isa = PBXFileReference; lastKnownFileType = sourcecode.c.h; path = BSDViewController.h; sourceTree = "<group>"; };
		F243693A197499DF00512371 /* BSDViewController.m */ = {isa = PBXFileReference; lastKnownFileType = sourcecode.c.objc; path = BSDViewController.m; sourceTree = "<group>"; };
		F243693C197499DF00512371 /* Images.xcassets */ = {isa = PBXFileReference; lastKnownFileType = folder.assetcatalog; path = Images.xcassets; sourceTree = "<group>"; };
		F2436942197499DF00512371 /* BSDPatchExampleTests.xctest */ = {isa = PBXFileReference; explicitFileType = wrapper.cfbundle; includeInIndex = 0; path = BSDPatchExampleTests.xctest; sourceTree = BUILT_PRODUCTS_DIR; };
		F2436943197499DF00512371 /* XCTest.framework */ = {isa = PBXFileReference; lastKnownFileType = wrapper.framework; name = XCTest.framework; path = Library/Frameworks/XCTest.framework; sourceTree = DEVELOPER_DIR; };
		F243694B197499DF00512371 /* BSDPatchExampleTests-Info.plist */ = {isa = PBXFileReference; lastKnownFileType = text.plist.xml; path = "BSDPatchExampleTests-Info.plist"; sourceTree = "<group>"; };
		F243694D197499DF00512371 /* en */ = {isa = PBXFileReference; lastKnownFileType = text.plist.strings; name = en; path = en.lproj/InfoPlist.strings; sourceTree = "<group>"; };
		F243694F197499DF00512371 /* BSDPatchExampleTests.m */ = {isa = PBXFileReference; lastKnownFileType = sourcecode.c.objc; path = BSDPatchExampleTests.m; sourceTree = "<group>"; };
		F243695919749A1B00512371 /* BSDObject.h */ = {isa = PBXFileReference; fileEncoding = 4; lastKnownFileType = sourcecode.c.h; path = BSDObject.h; sourceTree = "<group>"; };
		F243695A19749A1B00512371 /* BSDObject.m */ = {isa = PBXFileReference; fileEncoding = 4; lastKnownFileType = sourcecode.c.objc; path = BSDObject.m; sourceTree = "<group>"; };
		F243695B19749A1B00512371 /* BSDEqual.m */ = {isa = PBXFileReference; fileEncoding = 4; lastKnownFileType = sourcecode.c.objc; path = BSDEqual.m; sourceTree = "<group>"; };
		F243695C19749A1B00512371 /* BSDEqualGreater.m */ = {isa = PBXFileReference; fileEncoding = 4; lastKnownFileType = sourcecode.c.objc; path = BSDEqualGreater.m; sourceTree = "<group>"; };
		F243695D19749A1B00512371 /* BSDEqualLess.m */ = {isa = PBXFileReference; fileEncoding = 4; lastKnownFileType = sourcecode.c.objc; path = BSDEqualLess.m; sourceTree = "<group>"; };
		F243695E19749A1B00512371 /* BSDGreater.m */ = {isa = PBXFileReference; fileEncoding = 4; lastKnownFileType = sourcecode.c.objc; path = BSDGreater.m; sourceTree = "<group>"; };
		F243695F19749A1B00512371 /* BSDLess.m */ = {isa = PBXFileReference; fileEncoding = 4; lastKnownFileType = sourcecode.c.objc; path = BSDLess.m; sourceTree = "<group>"; };
		F243696019749A1B00512371 /* BSDPower.m */ = {isa = PBXFileReference; fileEncoding = 4; lastKnownFileType = sourcecode.c.objc; path = BSDPower.m; sourceTree = "<group>"; };
		F243696119749A1B00512371 /* BSDSwap.m */ = {isa = PBXFileReference; fileEncoding = 4; lastKnownFileType = sourcecode.c.objc; path = BSDSwap.m; sourceTree = "<group>"; };
		F243696219749A1B00512371 /* BSDValue.m */ = {isa = PBXFileReference; fileEncoding = 4; lastKnownFileType = sourcecode.c.objc; path = BSDValue.m; sourceTree = "<group>"; };
		F243696319749A1B00512371 /* BSDDistance.h */ = {isa = PBXFileReference; fileEncoding = 4; lastKnownFileType = sourcecode.c.h; path = BSDDistance.h; sourceTree = "<group>"; };
		F243696419749A1B00512371 /* BSDDistance.m */ = {isa = PBXFileReference; fileEncoding = 4; lastKnownFileType = sourcecode.c.objc; path = BSDDistance.m; sourceTree = "<group>"; };
		F243696519749A1B00512371 /* BSDRoute.h */ = {isa = PBXFileReference; fileEncoding = 4; lastKnownFileType = sourcecode.c.h; path = BSDRoute.h; sourceTree = "<group>"; };
		F243696619749A1B00512371 /* BSDRoute.m */ = {isa = PBXFileReference; fileEncoding = 4; lastKnownFileType = sourcecode.c.objc; path = BSDRoute.m; sourceTree = "<group>"; };
		F243696719749A1B00512371 /* BSDOutlet.m */ = {isa = PBXFileReference; fileEncoding = 4; lastKnownFileType = sourcecode.c.objc; path = BSDOutlet.m; sourceTree = "<group>"; };
		F243696A19749A1B00512371 /* BSDAdd.m */ = {isa = PBXFileReference; fileEncoding = 4; lastKnownFileType = sourcecode.c.objc; path = BSDAdd.m; sourceTree = "<group>"; };
		F243696B19749A1B00512371 /* BSDCreate.h */ = {isa = PBXFileReference; fileEncoding = 4; lastKnownFileType = sourcecode.c.h; path = BSDCreate.h; sourceTree = "<group>"; };
		F243696C19749A1B00512371 /* BSDCreate.m */ = {isa = PBXFileReference; fileEncoding = 4; lastKnownFileType = sourcecode.c.objc; path = BSDCreate.m; sourceTree = "<group>"; };
		F243696D19749A1B00512371 /* BSDDivide.m */ = {isa = PBXFileReference; fileEncoding = 4; lastKnownFileType = sourcecode.c.objc; path = BSDDivide.m; sourceTree = "<group>"; };
		F243696E19749A1B00512371 /* BSDMultiply.m */ = {isa = PBXFileReference; fileEncoding = 4; lastKnownFileType = sourcecode.c.objc; path = BSDMultiply.m; sourceTree = "<group>"; };
		F243696F19749A1B00512371 /* BSDPrimitiveObjects.h */ = {isa = PBXFileReference; fileEncoding = 4; lastKnownFileType = sourcecode.c.h; path = BSDPrimitiveObjects.h; sourceTree = "<group>"; };
		F243697019749A1B00512371 /* BSDSubtract.m */ = {isa = PBXFileReference; fileEncoding = 4; lastKnownFileType = sourcecode.c.objc; path = BSDSubtract.m; sourceTree = "<group>"; };
		F243697119749A1B00512371 /* BSDAdd.h */ = {isa = PBXFileReference; fileEncoding = 4; lastKnownFileType = sourcecode.c.h; path = BSDAdd.h; sourceTree = "<group>"; };
		F243697219749A1B00512371 /* BSDDivide.h */ = {isa = PBXFileReference; fileEncoding = 4; lastKnownFileType = sourcecode.c.h; path = BSDDivide.h; sourceTree = "<group>"; };
		F243697319749A1B00512371 /* BSDEqual.h */ = {isa = PBXFileReference; fileEncoding = 4; lastKnownFileType = sourcecode.c.h; path = BSDEqual.h; sourceTree = "<group>"; };
		F243697419749A1B00512371 /* BSDEqualGreater.h */ = {isa = PBXFileReference; fileEncoding = 4; lastKnownFileType = sourcecode.c.h; path = BSDEqualGreater.h; sourceTree = "<group>"; };
		F243697519749A1B00512371 /* BSDEqualLess.h */ = {isa = PBXFileReference; fileEncoding = 4; lastKnownFileType = sourcecode.c.h; path = BSDEqualLess.h; sourceTree = "<group>"; };
		F243697619749A1B00512371 /* BSDGreater.h */ = {isa = PBXFileReference; fileEncoding = 4; lastKnownFileType = sourcecode.c.h; path = BSDGreater.h; sourceTree = "<group>"; };
		F243697719749A1B00512371 /* BSDInlet.h */ = {isa = PBXFileReference; fileEncoding = 4; lastKnownFileType = sourcecode.c.h; path = BSDInlet.h; sourceTree = "<group>"; };
		F243697819749A1B00512371 /* BSDInlet.m */ = {isa = PBXFileReference; fileEncoding = 4; lastKnownFileType = sourcecode.c.objc; path = BSDInlet.m; sourceTree = "<group>"; };
		F243697919749A1B00512371 /* BSDLess.h */ = {isa = PBXFileReference; fileEncoding = 4; lastKnownFileType = sourcecode.c.h; path = BSDLess.h; sourceTree = "<group>"; };
		F243697A19749A1B00512371 /* BSDMultiply.h */ = {isa = PBXFileReference; fileEncoding = 4; lastKnownFileType = sourcecode.c.h; path = BSDMultiply.h; sourceTree = "<group>"; };
		F243697B19749A1B00512371 /* BSDOutlet.h */ = {isa = PBXFileReference; fileEncoding = 4; lastKnownFileType = sourcecode.c.h; path = BSDOutlet.h; sourceTree = "<group>"; };
		F243697C19749A1B00512371 /* BSDPort.h */ = {isa = PBXFileReference; fileEncoding = 4; lastKnownFileType = sourcecode.c.h; path = BSDPort.h; sourceTree = "<group>"; };
		F243697D19749A1B00512371 /* BSDPort.m */ = {isa = PBXFileReference; fileEncoding = 4; lastKnownFileType = sourcecode.c.objc; path = BSDPort.m; sourceTree = "<group>"; };
		F243697E19749A1B00512371 /* BSDPower.h */ = {isa = PBXFileReference; fileEncoding = 4; lastKnownFileType = sourcecode.c.h; path = BSDPower.h; sourceTree = "<group>"; };
		F243697F19749A1B00512371 /* BSDSubtract.h */ = {isa = PBXFileReference; fileEncoding = 4; lastKnownFileType = sourcecode.c.h; path = BSDSubtract.h; sourceTree = "<group>"; };
		F243698019749A1B00512371 /* BSDSwap.h */ = {isa = PBXFileReference; fileEncoding = 4; lastKnownFileType = sourcecode.c.h; path = BSDSwap.h; sourceTree = "<group>"; };
		F243698119749A1B00512371 /* BSDValue.h */ = {isa = PBXFileReference; fileEncoding = 4; lastKnownFileType = sourcecode.c.h; path = BSDValue.h; sourceTree = "<group>"; };
		F243699D19749BFD00512371 /* BSDPatch.h */ = {isa = PBXFileReference; fileEncoding = 4; lastKnownFileType = sourcecode.c.h; path = BSDPatch.h; sourceTree = "<group>"; };
/* End PBXFileReference section */

/* Begin PBXFrameworksBuildPhase section */
		F243691B197499DF00512371 /* Frameworks */ = {
			isa = PBXFrameworksBuildPhase;
			buildActionMask = 2147483647;
			files = (
				F2436924197499DF00512371 /* CoreGraphics.framework in Frameworks */,
				F2436926197499DF00512371 /* UIKit.framework in Frameworks */,
				F2436922197499DF00512371 /* Foundation.framework in Frameworks */,
			);
			runOnlyForDeploymentPostprocessing = 0;
		};
		F243693F197499DF00512371 /* Frameworks */ = {
			isa = PBXFrameworksBuildPhase;
			buildActionMask = 2147483647;
			files = (
				F2436944197499DF00512371 /* XCTest.framework in Frameworks */,
				F2436946197499DF00512371 /* UIKit.framework in Frameworks */,
				F2436945197499DF00512371 /* Foundation.framework in Frameworks */,
			);
			runOnlyForDeploymentPostprocessing = 0;
		};
/* End PBXFrameworksBuildPhase section */

/* Begin PBXGroup section */
		F2436915197499DF00512371 = {
			isa = PBXGroup;
			children = (
				F2436927197499DF00512371 /* BSDPatchExample */,
				F2436949197499DF00512371 /* BSDPatchExampleTests */,
				F2436920197499DF00512371 /* Frameworks */,
				F243691F197499DF00512371 /* Products */,
			);
			sourceTree = "<group>";
		};
		F243691F197499DF00512371 /* Products */ = {
			isa = PBXGroup;
			children = (
				F243691E197499DF00512371 /* BSDPatchExample.app */,
				F2436942197499DF00512371 /* BSDPatchExampleTests.xctest */,
			);
			name = Products;
			sourceTree = "<group>";
		};
		F2436920197499DF00512371 /* Frameworks */ = {
			isa = PBXGroup;
			children = (
				F2436921197499DF00512371 /* Foundation.framework */,
				F2436923197499DF00512371 /* CoreGraphics.framework */,
				F2436925197499DF00512371 /* UIKit.framework */,
				F2436943197499DF00512371 /* XCTest.framework */,
			);
			name = Frameworks;
			sourceTree = "<group>";
		};
		F2436927197499DF00512371 /* BSDPatchExample */ = {
			isa = PBXGroup;
			children = (
				F2436930197499DF00512371 /* BSDAppDelegate.h */,
				F2436931197499DF00512371 /* BSDAppDelegate.m */,
				F2436933197499DF00512371 /* Main_iPhone.storyboard */,
				F2436936197499DF00512371 /* Main_iPad.storyboard */,
				F2436939197499DF00512371 /* BSDViewController.h */,
				F243693A197499DF00512371 /* BSDViewController.m */,
				F243699619749A2500512371 /* BSDPatch */,
				F243693C197499DF00512371 /* Images.xcassets */,
				F2436928197499DF00512371 /* Supporting Files */,
			);
			path = BSDPatchExample;
			sourceTree = "<group>";
		};
		F2436928197499DF00512371 /* Supporting Files */ = {
			isa = PBXGroup;
			children = (
				F2436929197499DF00512371 /* BSDPatchExample-Info.plist */,
				F243692A197499DF00512371 /* InfoPlist.strings */,
				F243692D197499DF00512371 /* main.m */,
				F243692F197499DF00512371 /* BSDPatchExample-Prefix.pch */,
			);
			name = "Supporting Files";
			sourceTree = "<group>";
		};
		F2436949197499DF00512371 /* BSDPatchExampleTests */ = {
			isa = PBXGroup;
			children = (
				F243694F197499DF00512371 /* BSDPatchExampleTests.m */,
				F243694A197499DF00512371 /* Supporting Files */,
			);
			path = BSDPatchExampleTests;
			sourceTree = "<group>";
		};
		F243694A197499DF00512371 /* Supporting Files */ = {
			isa = PBXGroup;
			children = (
				F243694B197499DF00512371 /* BSDPatchExampleTests-Info.plist */,
				F243694C197499DF00512371 /* InfoPlist.strings */,
			);
			name = "Supporting Files";
			sourceTree = "<group>";
		};
		F243699619749A2500512371 /* BSDPatch */ = {
			isa = PBXGroup;
			children = (
				F243699D19749BFD00512371 /* BSDPatch.h */,
				F243699919749AD300512371 /* Main */,
				F243699A19749B0200512371 /* Logical */,
				F243699719749A3900512371 /* Basic Math */,
				F243699C19749B9700512371 /* Geometry */,
				F243699819749AAE00512371 /* Flow Control */,
			);
			name = BSDPatch;
			sourceTree = "<group>";
		};
		F243699719749A3900512371 /* Basic Math */ = {
			isa = PBXGroup;
			children = (
				F243697119749A1B00512371 /* BSDAdd.h */,
				F243696A19749A1B00512371 /* BSDAdd.m */,
				F243697F19749A1B00512371 /* BSDSubtract.h */,
				F243697019749A1B00512371 /* BSDSubtract.m */,
				F243697A19749A1B00512371 /* BSDMultiply.h */,
				F243696E19749A1B00512371 /* BSDMultiply.m */,
				F243697219749A1B00512371 /* BSDDivide.h */,
				F243696D19749A1B00512371 /* BSDDivide.m */,
				F243697E19749A1B00512371 /* BSDPower.h */,
				F243696019749A1B00512371 /* BSDPower.m */,
			);
			name = "Basic Math";
			sourceTree = "<group>";
		};
		F243699819749AAE00512371 /* Flow Control */ = {
			isa = PBXGroup;
			children = (
				F243698019749A1B00512371 /* BSDSwap.h */,
				F243696119749A1B00512371 /* BSDSwap.m */,
				F243696519749A1B00512371 /* BSDRoute.h */,
				F243696619749A1B00512371 /* BSDRoute.m */,
				F243698119749A1B00512371 /* BSDValue.h */,
				F243696219749A1B00512371 /* BSDValue.m */,
			);
			name = "Flow Control";
			sourceTree = "<group>";
		};
		F243699919749AD300512371 /* Main */ = {
			isa = PBXGroup;
			children = (
				F243695919749A1B00512371 /* BSDObject.h */,
				F243695A19749A1B00512371 /* BSDObject.m */,
				F243696B19749A1B00512371 /* BSDCreate.h */,
				F243696C19749A1B00512371 /* BSDCreate.m */,
				F243696F19749A1B00512371 /* BSDPrimitiveObjects.h */,
				F243699B19749B7300512371 /* Ports */,
			);
			name = Main;
			sourceTree = "<group>";
		};
		F243699A19749B0200512371 /* Logical */ = {
			isa = PBXGroup;
			children = (
				F243697319749A1B00512371 /* BSDEqual.h */,
				F243695B19749A1B00512371 /* BSDEqual.m */,
				F243697619749A1B00512371 /* BSDGreater.h */,
				F243695E19749A1B00512371 /* BSDGreater.m */,
				F243697919749A1B00512371 /* BSDLess.h */,
				F243695F19749A1B00512371 /* BSDLess.m */,
				F243697419749A1B00512371 /* BSDEqualGreater.h */,
				F243695C19749A1B00512371 /* BSDEqualGreater.m */,
				F243697519749A1B00512371 /* BSDEqualLess.h */,
				F243695D19749A1B00512371 /* BSDEqualLess.m */,
			);
			name = Logical;
			sourceTree = "<group>";
		};
		F243699B19749B7300512371 /* Ports */ = {
			isa = PBXGroup;
			children = (
				F243697C19749A1B00512371 /* BSDPort.h */,
				F243697D19749A1B00512371 /* BSDPort.m */,
				F243697719749A1B00512371 /* BSDInlet.h */,
				F243697819749A1B00512371 /* BSDInlet.m */,
				F243697B19749A1B00512371 /* BSDOutlet.h */,
				F243696719749A1B00512371 /* BSDOutlet.m */,
			);
			name = Ports;
			sourceTree = "<group>";
		};
		F243699C19749B9700512371 /* Geometry */ = {
			isa = PBXGroup;
			children = (
				F243696319749A1B00512371 /* BSDDistance.h */,
				F243696419749A1B00512371 /* BSDDistance.m */,
			);
			name = Geometry;
			sourceTree = "<group>";
		};
/* End PBXGroup section */

/* Begin PBXNativeTarget section */
		F243691D197499DF00512371 /* BSDPatchExample */ = {
			isa = PBXNativeTarget;
			buildConfigurationList = F2436953197499DF00512371 /* Build configuration list for PBXNativeTarget "BSDPatchExample" */;
			buildPhases = (
				F243691A197499DF00512371 /* Sources */,
				F243691B197499DF00512371 /* Frameworks */,
				F243691C197499DF00512371 /* Resources */,
			);
			buildRules = (
			);
			dependencies = (
			);
			name = BSDPatchExample;
			productName = BSDPatchExample;
			productReference = F243691E197499DF00512371 /* BSDPatchExample.app */;
			productType = "com.apple.product-type.application";
		};
		F2436941197499DF00512371 /* BSDPatchExampleTests */ = {
			isa = PBXNativeTarget;
			buildConfigurationList = F2436956197499DF00512371 /* Build configuration list for PBXNativeTarget "BSDPatchExampleTests" */;
			buildPhases = (
				F243693E197499DF00512371 /* Sources */,
				F243693F197499DF00512371 /* Frameworks */,
				F2436940197499DF00512371 /* Resources */,
			);
			buildRules = (
			);
			dependencies = (
				F2436948197499DF00512371 /* PBXTargetDependency */,
			);
			name = BSDPatchExampleTests;
			productName = BSDPatchExampleTests;
			productReference = F2436942197499DF00512371 /* BSDPatchExampleTests.xctest */;
			productType = "com.apple.product-type.bundle.unit-test";
		};
/* End PBXNativeTarget section */

/* Begin PBXProject section */
		F2436916197499DF00512371 /* Project object */ = {
			isa = PBXProject;
			attributes = {
				CLASSPREFIX = BSD;
				LastUpgradeCheck = 0510;
				ORGANIZATIONNAME = "birdSound LLC";
				TargetAttributes = {
					F2436941197499DF00512371 = {
						TestTargetID = F243691D197499DF00512371;
					};
				};
			};
			buildConfigurationList = F2436919197499DF00512371 /* Build configuration list for PBXProject "BSDPatchExample" */;
			compatibilityVersion = "Xcode 3.2";
			developmentRegion = English;
			hasScannedForEncodings = 0;
			knownRegions = (
				en,
				Base,
			);
			mainGroup = F2436915197499DF00512371;
			productRefGroup = F243691F197499DF00512371 /* Products */;
			projectDirPath = "";
			projectRoot = "";
			targets = (
				F243691D197499DF00512371 /* BSDPatchExample */,
				F2436941197499DF00512371 /* BSDPatchExampleTests */,
			);
		};
/* End PBXProject section */

/* Begin PBXResourcesBuildPhase section */
		F243691C197499DF00512371 /* Resources */ = {
			isa = PBXResourcesBuildPhase;
			buildActionMask = 2147483647;
			files = (
				F2436938197499DF00512371 /* Main_iPad.storyboard in Resources */,
				F243693D197499DF00512371 /* Images.xcassets in Resources */,
				F2436935197499DF00512371 /* Main_iPhone.storyboard in Resources */,
				F243692C197499DF00512371 /* InfoPlist.strings in Resources */,
			);
			runOnlyForDeploymentPostprocessing = 0;
		};
		F2436940197499DF00512371 /* Resources */ = {
			isa = PBXResourcesBuildPhase;
			buildActionMask = 2147483647;
			files = (
				F243694E197499DF00512371 /* InfoPlist.strings in Resources */,
			);
			runOnlyForDeploymentPostprocessing = 0;
		};
/* End PBXResourcesBuildPhase section */

/* Begin PBXSourcesBuildPhase section */
		F243691A197499DF00512371 /* Sources */ = {
			isa = PBXSourcesBuildPhase;
			buildActionMask = 2147483647;
			files = (
				F243699519749A1B00512371 /* BSDPort.m in Sources */,
				F243699119749A1B00512371 /* BSDDivide.m in Sources */,
				F243698519749A1B00512371 /* BSDEqualLess.m in Sources */,
				F243693B197499DF00512371 /* BSDViewController.m in Sources */,
				F243699319749A1B00512371 /* BSDSubtract.m in Sources */,
				F243698619749A1B00512371 /* BSDGreater.m in Sources */,
				F243698A19749A1B00512371 /* BSDValue.m in Sources */,
				F243698419749A1B00512371 /* BSDEqualGreater.m in Sources */,
				F2436932197499DF00512371 /* BSDAppDelegate.m in Sources */,
				F243699419749A1B00512371 /* BSDInlet.m in Sources */,
				F243698919749A1B00512371 /* BSDSwap.m in Sources */,
				F243698219749A1B00512371 /* BSDObject.m in Sources */,
				F243699219749A1B00512371 /* BSDMultiply.m in Sources */,
				F243692E197499DF00512371 /* main.m in Sources */,
				F243698B19749A1B00512371 /* BSDDistance.m in Sources */,
				F243698719749A1B00512371 /* BSDLess.m in Sources */,
				F243698C19749A1B00512371 /* BSDRoute.m in Sources */,
				F243698D19749A1B00512371 /* BSDOutlet.m in Sources */,
				F243698319749A1B00512371 /* BSDEqual.m in Sources */,
				F243698F19749A1B00512371 /* BSDAdd.m in Sources */,
				F243698819749A1B00512371 /* BSDPower.m in Sources */,
				F243699019749A1B00512371 /* BSDCreate.m in Sources */,
			);
			runOnlyForDeploymentPostprocessing = 0;
		};
		F243693E197499DF00512371 /* Sources */ = {
			isa = PBXSourcesBuildPhase;
			buildActionMask = 2147483647;
			files = (
				F2436950197499DF00512371 /* BSDPatchExampleTests.m in Sources */,
			);
			runOnlyForDeploymentPostprocessing = 0;
		};
/* End PBXSourcesBuildPhase section */

/* Begin PBXTargetDependency section */
		F2436948197499DF00512371 /* PBXTargetDependency */ = {
			isa = PBXTargetDependency;
			target = F243691D197499DF00512371 /* BSDPatchExample */;
			targetProxy = F2436947197499DF00512371 /* PBXContainerItemProxy */;
		};
/* End PBXTargetDependency section */

/* Begin PBXVariantGroup section */
		F243692A197499DF00512371 /* InfoPlist.strings */ = {
			isa = PBXVariantGroup;
			children = (
				F243692B197499DF00512371 /* en */,
			);
			name = InfoPlist.strings;
			sourceTree = "<group>";
		};
		F2436933197499DF00512371 /* Main_iPhone.storyboard */ = {
			isa = PBXVariantGroup;
			children = (
				F2436934197499DF00512371 /* Base */,
			);
			name = Main_iPhone.storyboard;
			sourceTree = "<group>";
		};
		F2436936197499DF00512371 /* Main_iPad.storyboard */ = {
			isa = PBXVariantGroup;
			children = (
				F2436937197499DF00512371 /* Base */,
			);
			name = Main_iPad.storyboard;
			sourceTree = "<group>";
		};
		F243694C197499DF00512371 /* InfoPlist.strings */ = {
			isa = PBXVariantGroup;
			children = (
				F243694D197499DF00512371 /* en */,
			);
			name = InfoPlist.strings;
			sourceTree = "<group>";
		};
/* End PBXVariantGroup section */

/* Begin XCBuildConfiguration section */
		F2436951197499DF00512371 /* Debug */ = {
			isa = XCBuildConfiguration;
			buildSettings = {
				ALWAYS_SEARCH_USER_PATHS = NO;
				CLANG_CXX_LANGUAGE_STANDARD = "gnu++0x";
				CLANG_CXX_LIBRARY = "libc++";
				CLANG_ENABLE_MODULES = YES;
				CLANG_ENABLE_OBJC_ARC = YES;
				CLANG_WARN_BOOL_CONVERSION = YES;
				CLANG_WARN_CONSTANT_CONVERSION = YES;
				CLANG_WARN_DIRECT_OBJC_ISA_USAGE = YES_ERROR;
				CLANG_WARN_EMPTY_BODY = YES;
				CLANG_WARN_ENUM_CONVERSION = YES;
				CLANG_WARN_INT_CONVERSION = YES;
				CLANG_WARN_OBJC_ROOT_CLASS = YES_ERROR;
				CLANG_WARN__DUPLICATE_METHOD_MATCH = YES;
				"CODE_SIGN_IDENTITY[sdk=iphoneos*]" = "iPhone Developer";
				COPY_PHASE_STRIP = NO;
				GCC_C_LANGUAGE_STANDARD = gnu99;
				GCC_DYNAMIC_NO_PIC = NO;
				GCC_OPTIMIZATION_LEVEL = 0;
				GCC_PREPROCESSOR_DEFINITIONS = (
					"DEBUG=1",
					"$(inherited)",
				);
				GCC_SYMBOLS_PRIVATE_EXTERN = NO;
				GCC_WARN_64_TO_32_BIT_CONVERSION = YES;
				GCC_WARN_ABOUT_RETURN_TYPE = YES_ERROR;
				GCC_WARN_UNDECLARED_SELECTOR = YES;
				GCC_WARN_UNINITIALIZED_AUTOS = YES_AGGRESSIVE;
				GCC_WARN_UNUSED_FUNCTION = YES;
				GCC_WARN_UNUSED_VARIABLE = YES;
				IPHONEOS_DEPLOYMENT_TARGET = 7.1;
				ONLY_ACTIVE_ARCH = YES;
				SDKROOT = iphoneos;
				TARGETED_DEVICE_FAMILY = "1,2";
			};
			name = Debug;
		};
		F2436952197499DF00512371 /* Release */ = {
			isa = XCBuildConfiguration;
			buildSettings = {
				ALWAYS_SEARCH_USER_PATHS = NO;
				CLANG_CXX_LANGUAGE_STANDARD = "gnu++0x";
				CLANG_CXX_LIBRARY = "libc++";
				CLANG_ENABLE_MODULES = YES;
				CLANG_ENABLE_OBJC_ARC = YES;
				CLANG_WARN_BOOL_CONVERSION = YES;
				CLANG_WARN_CONSTANT_CONVERSION = YES;
				CLANG_WARN_DIRECT_OBJC_ISA_USAGE = YES_ERROR;
				CLANG_WARN_EMPTY_BODY = YES;
				CLANG_WARN_ENUM_CONVERSION = YES;
				CLANG_WARN_INT_CONVERSION = YES;
				CLANG_WARN_OBJC_ROOT_CLASS = YES_ERROR;
				CLANG_WARN__DUPLICATE_METHOD_MATCH = YES;
				"CODE_SIGN_IDENTITY[sdk=iphoneos*]" = "iPhone Developer";
				COPY_PHASE_STRIP = YES;
				ENABLE_NS_ASSERTIONS = NO;
				GCC_C_LANGUAGE_STANDARD = gnu99;
				GCC_WARN_64_TO_32_BIT_CONVERSION = YES;
				GCC_WARN_ABOUT_RETURN_TYPE = YES_ERROR;
				GCC_WARN_UNDECLARED_SELECTOR = YES;
				GCC_WARN_UNINITIALIZED_AUTOS = YES_AGGRESSIVE;
				GCC_WARN_UNUSED_FUNCTION = YES;
				GCC_WARN_UNUSED_VARIABLE = YES;
				IPHONEOS_DEPLOYMENT_TARGET = 7.1;
				SDKROOT = iphoneos;
				TARGETED_DEVICE_FAMILY = "1,2";
				VALIDATE_PRODUCT = YES;
			};
			name = Release;
		};
		F2436954197499DF00512371 /* Debug */ = {
			isa = XCBuildConfiguration;
			buildSettings = {
				ASSETCATALOG_COMPILER_APPICON_NAME = AppIcon;
				ASSETCATALOG_COMPILER_LAUNCHIMAGE_NAME = LaunchImage;
				GCC_PRECOMPILE_PREFIX_HEADER = YES;
				GCC_PREFIX_HEADER = "BSDPatchExample/BSDPatchExample-Prefix.pch";
				INFOPLIST_FILE = "BSDPatchExample/BSDPatchExample-Info.plist";
				PRODUCT_NAME = "$(TARGET_NAME)";
				WRAPPER_EXTENSION = app;
			};
			name = Debug;
		};
		F2436955197499DF00512371 /* Release */ = {
			isa = XCBuildConfiguration;
			buildSettings = {
				ASSETCATALOG_COMPILER_APPICON_NAME = AppIcon;
				ASSETCATALOG_COMPILER_LAUNCHIMAGE_NAME = LaunchImage;
				GCC_PRECOMPILE_PREFIX_HEADER = YES;
				GCC_PREFIX_HEADER = "BSDPatchExample/BSDPatchExample-Prefix.pch";
				INFOPLIST_FILE = "BSDPatchExample/BSDPatchExample-Info.plist";
				PRODUCT_NAME = "$(TARGET_NAME)";
				WRAPPER_EXTENSION = app;
			};
			name = Release;
		};
		F2436957197499DF00512371 /* Debug */ = {
			isa = XCBuildConfiguration;
			buildSettings = {
				BUNDLE_LOADER = "$(BUILT_PRODUCTS_DIR)/BSDPatchExample.app/BSDPatchExample";
				FRAMEWORK_SEARCH_PATHS = (
					"$(SDKROOT)/Developer/Library/Frameworks",
					"$(inherited)",
					"$(DEVELOPER_FRAMEWORKS_DIR)",
				);
				GCC_PRECOMPILE_PREFIX_HEADER = YES;
				GCC_PREFIX_HEADER = "BSDPatchExample/BSDPatchExample-Prefix.pch";
				GCC_PREPROCESSOR_DEFINITIONS = (
					"DEBUG=1",
					"$(inherited)",
				);
				INFOPLIST_FILE = "BSDPatchExampleTests/BSDPatchExampleTests-Info.plist";
				PRODUCT_NAME = "$(TARGET_NAME)";
				TEST_HOST = "$(BUNDLE_LOADER)";
				WRAPPER_EXTENSION = xctest;
			};
			name = Debug;
		};
		F2436958197499DF00512371 /* Release */ = {
			isa = XCBuildConfiguration;
			buildSettings = {
				BUNDLE_LOADER = "$(BUILT_PRODUCTS_DIR)/BSDPatchExample.app/BSDPatchExample";
				FRAMEWORK_SEARCH_PATHS = (
					"$(SDKROOT)/Developer/Library/Frameworks",
					"$(inherited)",
					"$(DEVELOPER_FRAMEWORKS_DIR)",
				);
				GCC_PRECOMPILE_PREFIX_HEADER = YES;
				GCC_PREFIX_HEADER = "BSDPatchExample/BSDPatchExample-Prefix.pch";
				INFOPLIST_FILE = "BSDPatchExampleTests/BSDPatchExampleTests-Info.plist";
				PRODUCT_NAME = "$(TARGET_NAME)";
				TEST_HOST = "$(BUNDLE_LOADER)";
				WRAPPER_EXTENSION = xctest;
			};
			name = Release;
		};
/* End XCBuildConfiguration section */

/* Begin XCConfigurationList section */
		F2436919197499DF00512371 /* Build configuration list for PBXProject "BSDPatchExample" */ = {
			isa = XCConfigurationList;
			buildConfigurations = (
				F2436951197499DF00512371 /* Debug */,
				F2436952197499DF00512371 /* Release */,
			);
			defaultConfigurationIsVisible = 0;
			defaultConfigurationName = Release;
		};
		F2436953197499DF00512371 /* Build configuration list for PBXNativeTarget "BSDPatchExample" */ = {
			isa = XCConfigurationList;
			buildConfigurations = (
				F2436954197499DF00512371 /* Debug */,
				F2436955197499DF00512371 /* Release */,
			);
			defaultConfigurationIsVisible = 0;
		};
		F2436956197499DF00512371 /* Build configuration list for PBXNativeTarget "BSDPatchExampleTests" */ = {
			isa = XCConfigurationList;
			buildConfigurations = (
				F2436957197499DF00512371 /* Debug */,
				F2436958197499DF00512371 /* Release */,
			);
			defaultConfigurationIsVisible = 0;
		};
/* End XCConfigurationList section */
	};
	rootObject = F2436916197499DF00512371 /* Project object */;
}
