// !$*UTF8*$!
{
	archiveVersion = 1;
	classes = {
	};
	objectVersion = 46;
	objects = {

/* Begin PBXBuildFile section */
		F21B7A99198F1B5800433676 /* BSDArrayEnumerate.m in Sources */ = {isa = PBXBuildFile; fileRef = F21B7A98198F1B5800433676 /* BSDArrayEnumerate.m */; };
		F2436922197499DF00512371 /* Foundation.framework in Frameworks */ = {isa = PBXBuildFile; fileRef = F2436921197499DF00512371 /* Foundation.framework */; };
		F2436924197499DF00512371 /* CoreGraphics.framework in Frameworks */ = {isa = PBXBuildFile; fileRef = F2436923197499DF00512371 /* CoreGraphics.framework */; };
		F2436926197499DF00512371 /* UIKit.framework in Frameworks */ = {isa = PBXBuildFile; fileRef = F2436925197499DF00512371 /* UIKit.framework */; };
		F243692C197499DF00512371 /* InfoPlist.strings in Resources */ = {isa = PBXBuildFile; fileRef = F243692A197499DF00512371 /* InfoPlist.strings */; };
		F243692E197499DF00512371 /* main.m in Sources */ = {isa = PBXBuildFile; fileRef = F243692D197499DF00512371 /* main.m */; };
		F2436932197499DF00512371 /* BSDAppDelegate.m in Sources */ = {isa = PBXBuildFile; fileRef = F2436931197499DF00512371 /* BSDAppDelegate.m */; };
		F2436935197499DF00512371 /* Main_iPhone.storyboard in Resources */ = {isa = PBXBuildFile; fileRef = F2436933197499DF00512371 /* Main_iPhone.storyboard */; };
		F2436938197499DF00512371 /* Main_iPad.storyboard in Resources */ = {isa = PBXBuildFile; fileRef = F2436936197499DF00512371 /* Main_iPad.storyboard */; };
		F243693B197499DF00512371 /* BSDViewController.m in Sources */ = {isa = PBXBuildFile; fileRef = F243693A197499DF00512371 /* BSDViewController.m */; };
		F243693D197499DF00512371 /* Images.xcassets in Resources */ = {isa = PBXBuildFile; fileRef = F243693C197499DF00512371 /* Images.xcassets */; };
		F2436944197499DF00512371 /* XCTest.framework in Frameworks */ = {isa = PBXBuildFile; fileRef = F2436943197499DF00512371 /* XCTest.framework */; };
		F2436945197499DF00512371 /* Foundation.framework in Frameworks */ = {isa = PBXBuildFile; fileRef = F2436921197499DF00512371 /* Foundation.framework */; };
		F2436946197499DF00512371 /* UIKit.framework in Frameworks */ = {isa = PBXBuildFile; fileRef = F2436925197499DF00512371 /* UIKit.framework */; };
		F243694E197499DF00512371 /* InfoPlist.strings in Resources */ = {isa = PBXBuildFile; fileRef = F243694C197499DF00512371 /* InfoPlist.strings */; };
		F2436950197499DF00512371 /* BSDPatchExampleTests.m in Sources */ = {isa = PBXBuildFile; fileRef = F243694F197499DF00512371 /* BSDPatchExampleTests.m */; };
		F26136FB198ED7520018F361 /* BSDArraySerialize.m in Sources */ = {isa = PBXBuildFile; fileRef = F2613657198ED7520018F361 /* BSDArraySerialize.m */; };
		F26136FC198ED7520018F361 /* BSDArrayElement.m in Sources */ = {isa = PBXBuildFile; fileRef = F2613659198ED7520018F361 /* BSDArrayElement.m */; };
		F26136FD198ED7520018F361 /* BSDArrayFilter.m in Sources */ = {isa = PBXBuildFile; fileRef = F261365B198ED7520018F361 /* BSDArrayFilter.m */; };
		F26136FE198ED7520018F361 /* BSDArrayLength.m in Sources */ = {isa = PBXBuildFile; fileRef = F261365D198ED7520018F361 /* BSDArrayLength.m */; };
		F26136FF198ED7520018F361 /* BSDArrayPack.m in Sources */ = {isa = PBXBuildFile; fileRef = F261365F198ED7520018F361 /* BSDArrayPack.m */; };
		F2613700198ED7520018F361 /* BSDArrayNormalize.m in Sources */ = {isa = PBXBuildFile; fileRef = F2613661198ED7520018F361 /* BSDArrayNormalize.m */; };
		F2613701198ED7520018F361 /* BSDArrayPrepend.m in Sources */ = {isa = PBXBuildFile; fileRef = F2613663198ED7520018F361 /* BSDArrayPrepend.m */; };
		F2613703198ED7520018F361 /* BSDArraySort.m in Sources */ = {isa = PBXBuildFile; fileRef = F2613667198ED7520018F361 /* BSDArraySort.m */; };
		F2613704198ED7520018F361 /* BSDSplitArray.m in Sources */ = {isa = PBXBuildFile; fileRef = F2613669198ED7520018F361 /* BSDSplitArray.m */; };
		F2613705198ED7520018F361 /* BSDBang.m in Sources */ = {isa = PBXBuildFile; fileRef = F261366C198ED7520018F361 /* BSDBang.m */; };
		F2613706198ED7520018F361 /* BSDBangBox.m in Sources */ = {isa = PBXBuildFile; fileRef = F261366E198ED7520018F361 /* BSDBangBox.m */; };
		F2613707198ED7520018F361 /* NSValue+BSD.m in Sources */ = {isa = PBXBuildFile; fileRef = F2613671198ED7520018F361 /* NSValue+BSD.m */; };
		F2613708198ED7520018F361 /* BSDArrayClassify.m in Sources */ = {isa = PBXBuildFile; fileRef = F2613674198ED7520018F361 /* BSDArrayClassify.m */; };
		F2613709198ED7520018F361 /* BSDDictionarySerialize.m in Sources */ = {isa = PBXBuildFile; fileRef = F2613676198ED7520018F361 /* BSDDictionarySerialize.m */; };
		F261370A198ED7520018F361 /* BSDMapObject.m in Sources */ = {isa = PBXBuildFile; fileRef = F2613678198ED7520018F361 /* BSDMapObject.m */; };
		F261370B198ED7520018F361 /* BSDChange.m in Sources */ = {isa = PBXBuildFile; fileRef = F261367B198ED7520018F361 /* BSDChange.m */; };
		F261370C198ED7520018F361 /* BSDCounter.m in Sources */ = {isa = PBXBuildFile; fileRef = F261367D198ED7520018F361 /* BSDCounter.m */; };
		F261370D198ED7520018F361 /* BSDAddKey.m in Sources */ = {isa = PBXBuildFile; fileRef = F261367F198ED7520018F361 /* BSDAddKey.m */; };
		F261370E198ED7520018F361 /* BSDRoute.m in Sources */ = {isa = PBXBuildFile; fileRef = F2613681198ED7520018F361 /* BSDRoute.m */; };
		F261370F198ED7520018F361 /* BSDSelect.m in Sources */ = {isa = PBXBuildFile; fileRef = F2613683198ED7520018F361 /* BSDSelect.m */; };
		F2613710198ED7520018F361 /* BSDSequence.m in Sources */ = {isa = PBXBuildFile; fileRef = F2613685198ED7520018F361 /* BSDSequence.m */; };
		F2613711198ED7520018F361 /* BSDSpigot.m in Sources */ = {isa = PBXBuildFile; fileRef = F2613687198ED7520018F361 /* BSDSpigot.m */; };
		F2613712198ED7520018F361 /* BSDSwap.m in Sources */ = {isa = PBXBuildFile; fileRef = F2613689198ED7520018F361 /* BSDSwap.m */; };
		F2613713198ED7520018F361 /* BSDValueBox.m in Sources */ = {isa = PBXBuildFile; fileRef = F261368B198ED7520018F361 /* BSDValueBox.m */; };
		F2613714198ED7520018F361 /* BSDGenerator.m in Sources */ = {isa = PBXBuildFile; fileRef = F261368E198ED7520018F361 /* BSDGenerator.m */; };
		F2613715198ED7520018F361 /* BSDTouchGenerator.m in Sources */ = {isa = PBXBuildFile; fileRef = F2613691198ED7520018F361 /* BSDTouchGenerator.m */; };
		F2613716198ED7520018F361 /* BSDCreate.m in Sources */ = {isa = PBXBuildFile; fileRef = F2613694198ED7520018F361 /* BSDCreate.m */; };
		F2613717198ED7520018F361 /* BSDObject.m in Sources */ = {isa = PBXBuildFile; fileRef = F2613696198ED7520018F361 /* BSDObject.m */; };
		F2613718198ED7520018F361 /* BSDAbs.m in Sources */ = {isa = PBXBuildFile; fileRef = F261369C198ED7520018F361 /* BSDAbs.m */; };
		F2613719198ED7520018F361 /* BSDAdd.m in Sources */ = {isa = PBXBuildFile; fileRef = F261369E198ED7520018F361 /* BSDAdd.m */; };
		F261371A198ED7520018F361 /* BSDDivide.m in Sources */ = {isa = PBXBuildFile; fileRef = F26136A0198ED7520018F361 /* BSDDivide.m */; };
		F261371B198ED7520018F361 /* BSDNaturalLog.m in Sources */ = {isa = PBXBuildFile; fileRef = F26136A2198ED7520018F361 /* BSDNaturalLog.m */; };
		F261371C198ED7520018F361 /* BSDMod.m in Sources */ = {isa = PBXBuildFile; fileRef = F26136A4198ED7520018F361 /* BSDMod.m */; };
		F261371D198ED7520018F361 /* BSDMultiply.m in Sources */ = {isa = PBXBuildFile; fileRef = F26136A6198ED7520018F361 /* BSDMultiply.m */; };
		F261371E198ED7520018F361 /* BSDExponent.m in Sources */ = {isa = PBXBuildFile; fileRef = F26136A8198ED7520018F361 /* BSDExponent.m */; };
		F261371F198ED7520018F361 /* BSDReciprocal.m in Sources */ = {isa = PBXBuildFile; fileRef = F26136AA198ED7520018F361 /* BSDReciprocal.m */; };
		F2613720198ED7520018F361 /* BSDSubtract.m in Sources */ = {isa = PBXBuildFile; fileRef = F26136AC198ED7520018F361 /* BSDSubtract.m */; };
		F2613721198ED7520018F361 /* BSDEqual.m in Sources */ = {isa = PBXBuildFile; fileRef = F26136AF198ED7520018F361 /* BSDEqual.m */; };
		F2613722198ED7520018F361 /* BSDEqualGreater.m in Sources */ = {isa = PBXBuildFile; fileRef = F26136B1198ED7520018F361 /* BSDEqualGreater.m */; };
		F2613723198ED7520018F361 /* BSDEqualLess.m in Sources */ = {isa = PBXBuildFile; fileRef = F26136B3198ED7520018F361 /* BSDEqualLess.m */; };
		F2613724198ED7520018F361 /* BSDGreater.m in Sources */ = {isa = PBXBuildFile; fileRef = F26136B5198ED7520018F361 /* BSDGreater.m */; };
		F2613725198ED7520018F361 /* BSDLess.m in Sources */ = {isa = PBXBuildFile; fileRef = F26136B7198ED7520018F361 /* BSDLess.m */; };
		F2613726198ED7520018F361 /* BSDMax.m in Sources */ = {isa = PBXBuildFile; fileRef = F26136B9198ED7520018F361 /* BSDMax.m */; };
		F2613727198ED7520018F361 /* BSDMin.m in Sources */ = {isa = PBXBuildFile; fileRef = F26136BB198ED7520018F361 /* BSDMin.m */; };
		F2613728198ED7520018F361 /* BSDDistance2D.m in Sources */ = {isa = PBXBuildFile; fileRef = F26136BE198ED7520018F361 /* BSDDistance2D.m */; };
		F2613729198ED7520018F361 /* BSDDistanceFrom2DPoint.m in Sources */ = {isa = PBXBuildFile; fileRef = F26136C0198ED7520018F361 /* BSDDistanceFrom2DPoint.m */; };
		F261372A198ED7520018F361 /* BSDIntersect2Circles.m in Sources */ = {isa = PBXBuildFile; fileRef = F26136C2198ED7520018F361 /* BSDIntersect2Circles.m */; };
		F261372B198ED7520018F361 /* BSDIntersect2CirclesHelper.m in Sources */ = {isa = PBXBuildFile; fileRef = F26136C4198ED7520018F361 /* BSDIntersect2CirclesHelper.m */; };
		F261372C198ED7520018F361 /* BSDPoint2D.m in Sources */ = {isa = PBXBuildFile; fileRef = F26136C7198ED7520018F361 /* BSDPoint2D.m */; };
		F261372D198ED7520018F361 /* BSDRect.m in Sources */ = {isa = PBXBuildFile; fileRef = F26136C9198ED7520018F361 /* BSDRect.m */; };
		F261372E198ED7520018F361 /* BSDRectSplit.m in Sources */ = {isa = PBXBuildFile; fileRef = F26136CB198ED7520018F361 /* BSDRectSplit.m */; };
		F261372F198ED7520018F361 /* BSDSplitPoint.m in Sources */ = {isa = PBXBuildFile; fileRef = F26136CD198ED7520018F361 /* BSDSplitPoint.m */; };
		F2613730198ED7520018F361 /* BSDAverage.m in Sources */ = {isa = PBXBuildFile; fileRef = F26136D0198ED7520018F361 /* BSDAverage.m */; };
		F2613731198ED7520018F361 /* BSDMedian.m in Sources */ = {isa = PBXBuildFile; fileRef = F26136D2198ED7520018F361 /* BSDMedian.m */; };
		F2613732198ED7520018F361 /* BSDStdDev.m in Sources */ = {isa = PBXBuildFile; fileRef = F26136D4198ED7520018F361 /* BSDStdDev.m */; };
		F2613733198ED7520018F361 /* BSDAccum.m in Sources */ = {isa = PBXBuildFile; fileRef = F26136D7198ED7520018F361 /* BSDAccum.m */; };
		F2613734198ED7520018F361 /* BSDClipSoft.m in Sources */ = {isa = PBXBuildFile; fileRef = F26136D9198ED7520018F361 /* BSDClipSoft.m */; };
		F2613735198ED7520018F361 /* BSDClipHard.m in Sources */ = {isa = PBXBuildFile; fileRef = F26136DB198ED7520018F361 /* BSDClipHard.m */; };
		F2613736198ED7520018F361 /* BSDInt.m in Sources */ = {isa = PBXBuildFile; fileRef = F26136DD198ED7520018F361 /* BSDInt.m */; };
		F2613737198ED7520018F361 /* BSDInlet.m in Sources */ = {isa = PBXBuildFile; fileRef = F26136E0198ED7520018F361 /* BSDInlet.m */; };
		F2613738198ED7520018F361 /* BSDOutlet.m in Sources */ = {isa = PBXBuildFile; fileRef = F26136E2198ED7520018F361 /* BSDOutlet.m */; };
		F2613739198ED7520018F361 /* BSDPort.m in Sources */ = {isa = PBXBuildFile; fileRef = F26136E4198ED7520018F361 /* BSDPort.m */; };
		F261373A198ED7520018F361 /* BSDFormatString.m in Sources */ = {isa = PBXBuildFile; fileRef = F26136E7198ED7520018F361 /* BSDFormatString.m */; };
		F261373B198ED7520018F361 /* BSDColor.m in Sources */ = {isa = PBXBuildFile; fileRef = F26136EA198ED7520018F361 /* BSDColor.m */; };
		F261373C198ED7520018F361 /* BSDFont.m in Sources */ = {isa = PBXBuildFile; fileRef = F26136EC198ED7520018F361 /* BSDFont.m */; };
		F261373D198ED7520018F361 /* BSDLabel.m in Sources */ = {isa = PBXBuildFile; fileRef = F26136EE198ED7520018F361 /* BSDLabel.m */; };
		F261373F198ED7520018F361 /* BSDView.m in Sources */ = {isa = PBXBuildFile; fileRef = F26136F2198ED7520018F361 /* BSDView.m */; };
		F2613740198ED7520018F361 /* BSDBuffer.m in Sources */ = {isa = PBXBuildFile; fileRef = F26136F5198ED7520018F361 /* BSDBuffer.m */; };
		F2613741198ED7520018F361 /* BSDPTest.m in Sources */ = {isa = PBXBuildFile; fileRef = F26136F7198ED7520018F361 /* BSDPTest.m */; };
		F2613742198ED7520018F361 /* BSDTestVariable.m in Sources */ = {isa = PBXBuildFile; fileRef = F26136F9198ED7520018F361 /* BSDTestVariable.m */; };
		F267F20B198F632B0077773F /* CoreMotion.framework in Frameworks */ = {isa = PBXBuildFile; fileRef = F267F20A198F632B0077773F /* CoreMotion.framework */; };
		F267F20E198F63EB0077773F /* BSDMotionGenerator.m in Sources */ = {isa = PBXBuildFile; fileRef = F267F20D198F63EB0077773F /* BSDMotionGenerator.m */; };
		F267F211198F66AC0077773F /* BSDVelocity.m in Sources */ = {isa = PBXBuildFile; fileRef = F267F210198F66AC0077773F /* BSDVelocity.m */; };
		F267F214198F71190077773F /* BSDPoint3D.m in Sources */ = {isa = PBXBuildFile; fileRef = F267F213198F71190077773F /* BSDPoint3D.m */; };
		F2832D01197B782F00DD2E73 /* BSDEstimatedPointView.m in Sources */ = {isa = PBXBuildFile; fileRef = F2832D00197B782F00DD2E73 /* BSDEstimatedPointView.m */; };
		F28579E119919CAC00F139B7 /* BSDLayer.m in Sources */ = {isa = PBXBuildFile; fileRef = F28579E019919CAC00F139B7 /* BSDLayer.m */; };
		F2AFEFBC197B401D00461AE9 /* BSDReferencePointView.m in Sources */ = {isa = PBXBuildFile; fileRef = F2AFEFBB197B401D00461AE9 /* BSDReferencePointView.m */; };
		F2B4D049199B1A9D00EB94AC /* BSDVideoStream.m in Sources */ = {isa = PBXBuildFile; fileRef = F2B4D048199B1A9D00EB94AC /* BSDVideoStream.m */; };
		F2CCA5BB1991C4FA0067C35A /* BSDBasicAnimation.m in Sources */ = {isa = PBXBuildFile; fileRef = F2CCA5BA1991C4FA0067C35A /* BSDBasicAnimation.m */; };
		F2CCA5BE1991CAE60067C35A /* BSDArrayAccum.m in Sources */ = {isa = PBXBuildFile; fileRef = F2CCA5BD1991CAE60067C35A /* BSDArrayAccum.m */; };
		F2CCA5C11991E0FB0067C35A /* BSDSpeedLimit.m in Sources */ = {isa = PBXBuildFile; fileRef = F2CCA5C01991E0FB0067C35A /* BSDSpeedLimit.m */; };
		F2CCA5C41991ECEA0067C35A /* BSDSin.m in Sources */ = {isa = PBXBuildFile; fileRef = F2CCA5C31991ECEA0067C35A /* BSDSin.m */; };
		F2CCA5C71991ED8B0067C35A /* BSDCos.m in Sources */ = {isa = PBXBuildFile; fileRef = F2CCA5C61991ED8B0067C35A /* BSDCos.m */; };
		F2CCA5CA1991EDAB0067C35A /* BSDTan.m in Sources */ = {isa = PBXBuildFile; fileRef = F2CCA5C91991EDAB0067C35A /* BSDTan.m */; };
		F2D3D51D197C736B008B37C2 /* BSDEstimatedPointLabel.m in Sources */ = {isa = PBXBuildFile; fileRef = F2D3D51C197C736B008B37C2 /* BSDEstimatedPointLabel.m */; };
		F2D3D526197CA386008B37C2 /* BSDExamplePatch.m in Sources */ = {isa = PBXBuildFile; fileRef = F2D3D525197CA386008B37C2 /* BSDExamplePatch.m */; };
		F2D8E6BE198F53EC00216BC5 /* BSDExample.m in Sources */ = {isa = PBXBuildFile; fileRef = F2D8E6BD198F53EC00216BC5 /* BSDExample.m */; };
/* End PBXBuildFile section */

/* Begin PBXContainerItemProxy section */
		F2436947197499DF00512371 /* PBXContainerItemProxy */ = {
			isa = PBXContainerItemProxy;
			containerPortal = F2436916197499DF00512371 /* Project object */;
			proxyType = 1;
			remoteGlobalIDString = F243691D197499DF00512371;
			remoteInfo = BSDPatchExample;
		};
/* End PBXContainerItemProxy section */

/* Begin PBXFileReference section */
		F202D82B198EDD2500603073 /* BSDNumberObjects.h */ = {isa = PBXFileReference; fileEncoding = 4; lastKnownFileType = sourcecode.c.h; path = BSDNumberObjects.h; sourceTree = "<group>"; };
		F21B7A97198F1B5800433676 /* BSDArrayEnumerate.h */ = {isa = PBXFileReference; fileEncoding = 4; lastKnownFileType = sourcecode.c.h; name = BSDArrayEnumerate.h; path = ../BSDArrayEnumerate.h; sourceTree = "<group>"; };
		F21B7A98198F1B5800433676 /* BSDArrayEnumerate.m */ = {isa = PBXFileReference; fileEncoding = 4; lastKnownFileType = sourcecode.c.objc; name = BSDArrayEnumerate.m; path = ../BSDArrayEnumerate.m; sourceTree = "<group>"; };
		F243691E197499DF00512371 /* BSDPatchExample.app */ = {isa = PBXFileReference; explicitFileType = wrapper.application; includeInIndex = 0; path = BSDPatchExample.app; sourceTree = BUILT_PRODUCTS_DIR; };
		F2436921197499DF00512371 /* Foundation.framework */ = {isa = PBXFileReference; lastKnownFileType = wrapper.framework; name = Foundation.framework; path = System/Library/Frameworks/Foundation.framework; sourceTree = SDKROOT; };
		F2436923197499DF00512371 /* CoreGraphics.framework */ = {isa = PBXFileReference; lastKnownFileType = wrapper.framework; name = CoreGraphics.framework; path = System/Library/Frameworks/CoreGraphics.framework; sourceTree = SDKROOT; };
		F2436925197499DF00512371 /* UIKit.framework */ = {isa = PBXFileReference; lastKnownFileType = wrapper.framework; name = UIKit.framework; path = System/Library/Frameworks/UIKit.framework; sourceTree = SDKROOT; };
		F2436929197499DF00512371 /* BSDPatchExample-Info.plist */ = {isa = PBXFileReference; lastKnownFileType = text.plist.xml; path = "BSDPatchExample-Info.plist"; sourceTree = "<group>"; };
		F243692B197499DF00512371 /* en */ = {isa = PBXFileReference; lastKnownFileType = text.plist.strings; name = en; path = en.lproj/InfoPlist.strings; sourceTree = "<group>"; };
		F243692D197499DF00512371 /* main.m */ = {isa = PBXFileReference; lastKnownFileType = sourcecode.c.objc; path = main.m; sourceTree = "<group>"; };
		F243692F197499DF00512371 /* BSDPatchExample-Prefix.pch */ = {isa = PBXFileReference; lastKnownFileType = sourcecode.c.h; path = "BSDPatchExample-Prefix.pch"; sourceTree = "<group>"; };
		F2436930197499DF00512371 /* BSDAppDelegate.h */ = {isa = PBXFileReference; lastKnownFileType = sourcecode.c.h; path = BSDAppDelegate.h; sourceTree = "<group>"; };
		F2436931197499DF00512371 /* BSDAppDelegate.m */ = {isa = PBXFileReference; lastKnownFileType = sourcecode.c.objc; path = BSDAppDelegate.m; sourceTree = "<group>"; };
		F2436934197499DF00512371 /* Base */ = {isa = PBXFileReference; lastKnownFileType = file.storyboard; name = Base; path = Base.lproj/Main_iPhone.storyboard; sourceTree = "<group>"; };
		F2436937197499DF00512371 /* Base */ = {isa = PBXFileReference; lastKnownFileType = file.storyboard; name = Base; path = Base.lproj/Main_iPad.storyboard; sourceTree = "<group>"; };
		F2436939197499DF00512371 /* BSDViewController.h */ = {isa = PBXFileReference; lastKnownFileType = sourcecode.c.h; path = BSDViewController.h; sourceTree = "<group>"; };
		F243693A197499DF00512371 /* BSDViewController.m */ = {isa = PBXFileReference; lastKnownFileType = sourcecode.c.objc; path = BSDViewController.m; sourceTree = "<group>"; };
		F243693C197499DF00512371 /* Images.xcassets */ = {isa = PBXFileReference; lastKnownFileType = folder.assetcatalog; path = Images.xcassets; sourceTree = "<group>"; };
		F2436942197499DF00512371 /* BSDPatchExampleTests.xctest */ = {isa = PBXFileReference; explicitFileType = wrapper.cfbundle; includeInIndex = 0; path = BSDPatchExampleTests.xctest; sourceTree = BUILT_PRODUCTS_DIR; };
		F2436943197499DF00512371 /* XCTest.framework */ = {isa = PBXFileReference; lastKnownFileType = wrapper.framework; name = XCTest.framework; path = Library/Frameworks/XCTest.framework; sourceTree = DEVELOPER_DIR; };
		F243694B197499DF00512371 /* BSDPatchExampleTests-Info.plist */ = {isa = PBXFileReference; lastKnownFileType = text.plist.xml; path = "BSDPatchExampleTests-Info.plist"; sourceTree = "<group>"; };
		F243694D197499DF00512371 /* en */ = {isa = PBXFileReference; lastKnownFileType = text.plist.strings; name = en; path = en.lproj/InfoPlist.strings; sourceTree = "<group>"; };
		F243694F197499DF00512371 /* BSDPatchExampleTests.m */ = {isa = PBXFileReference; lastKnownFileType = sourcecode.c.objc; path = BSDPatchExampleTests.m; sourceTree = "<group>"; };
		F2613656198ED7520018F361 /* BSDArraySerialize.h */ = {isa = PBXFileReference; fileEncoding = 4; lastKnownFileType = sourcecode.c.h; path = BSDArraySerialize.h; sourceTree = "<group>"; };
		F2613657198ED7520018F361 /* BSDArraySerialize.m */ = {isa = PBXFileReference; fileEncoding = 4; lastKnownFileType = sourcecode.c.objc; path = BSDArraySerialize.m; sourceTree = "<group>"; };
		F2613658198ED7520018F361 /* BSDArrayElement.h */ = {isa = PBXFileReference; fileEncoding = 4; lastKnownFileType = sourcecode.c.h; path = BSDArrayElement.h; sourceTree = "<group>"; };
		F2613659198ED7520018F361 /* BSDArrayElement.m */ = {isa = PBXFileReference; fileEncoding = 4; lastKnownFileType = sourcecode.c.objc; path = BSDArrayElement.m; sourceTree = "<group>"; };
		F261365A198ED7520018F361 /* BSDArrayFilter.h */ = {isa = PBXFileReference; fileEncoding = 4; lastKnownFileType = sourcecode.c.h; path = BSDArrayFilter.h; sourceTree = "<group>"; };
		F261365B198ED7520018F361 /* BSDArrayFilter.m */ = {isa = PBXFileReference; fileEncoding = 4; lastKnownFileType = sourcecode.c.objc; path = BSDArrayFilter.m; sourceTree = "<group>"; };
		F261365C198ED7520018F361 /* BSDArrayLength.h */ = {isa = PBXFileReference; fileEncoding = 4; lastKnownFileType = sourcecode.c.h; path = BSDArrayLength.h; sourceTree = "<group>"; };
		F261365D198ED7520018F361 /* BSDArrayLength.m */ = {isa = PBXFileReference; fileEncoding = 4; lastKnownFileType = sourcecode.c.objc; path = BSDArrayLength.m; sourceTree = "<group>"; };
		F261365E198ED7520018F361 /* BSDArrayPack.h */ = {isa = PBXFileReference; fileEncoding = 4; lastKnownFileType = sourcecode.c.h; path = BSDArrayPack.h; sourceTree = "<group>"; };
		F261365F198ED7520018F361 /* BSDArrayPack.m */ = {isa = PBXFileReference; fileEncoding = 4; lastKnownFileType = sourcecode.c.objc; path = BSDArrayPack.m; sourceTree = "<group>"; };
		F2613660198ED7520018F361 /* BSDArrayNormalize.h */ = {isa = PBXFileReference; fileEncoding = 4; lastKnownFileType = sourcecode.c.h; path = BSDArrayNormalize.h; sourceTree = "<group>"; };
		F2613661198ED7520018F361 /* BSDArrayNormalize.m */ = {isa = PBXFileReference; fileEncoding = 4; lastKnownFileType = sourcecode.c.objc; path = BSDArrayNormalize.m; sourceTree = "<group>"; };
		F2613662198ED7520018F361 /* BSDArrayPrepend.h */ = {isa = PBXFileReference; fileEncoding = 4; lastKnownFileType = sourcecode.c.h; path = BSDArrayPrepend.h; sourceTree = "<group>"; };
		F2613663198ED7520018F361 /* BSDArrayPrepend.m */ = {isa = PBXFileReference; fileEncoding = 4; lastKnownFileType = sourcecode.c.objc; path = BSDArrayPrepend.m; sourceTree = "<group>"; };
		F2613666198ED7520018F361 /* BSDArraySort.h */ = {isa = PBXFileReference; fileEncoding = 4; lastKnownFileType = sourcecode.c.h; path = BSDArraySort.h; sourceTree = "<group>"; };
		F2613667198ED7520018F361 /* BSDArraySort.m */ = {isa = PBXFileReference; fileEncoding = 4; lastKnownFileType = sourcecode.c.objc; path = BSDArraySort.m; sourceTree = "<group>"; };
		F2613668198ED7520018F361 /* BSDSplitArray.h */ = {isa = PBXFileReference; fileEncoding = 4; lastKnownFileType = sourcecode.c.h; path = BSDSplitArray.h; sourceTree = "<group>"; };
		F2613669198ED7520018F361 /* BSDSplitArray.m */ = {isa = PBXFileReference; fileEncoding = 4; lastKnownFileType = sourcecode.c.objc; path = BSDSplitArray.m; sourceTree = "<group>"; };
		F261366B198ED7520018F361 /* BSDBang.h */ = {isa = PBXFileReference; fileEncoding = 4; lastKnownFileType = sourcecode.c.h; path = BSDBang.h; sourceTree = "<group>"; };
		F261366C198ED7520018F361 /* BSDBang.m */ = {isa = PBXFileReference; fileEncoding = 4; lastKnownFileType = sourcecode.c.objc; path = BSDBang.m; sourceTree = "<group>"; };
		F261366D198ED7520018F361 /* BSDBangBox.h */ = {isa = PBXFileReference; fileEncoding = 4; lastKnownFileType = sourcecode.c.h; path = BSDBangBox.h; sourceTree = "<group>"; };
		F261366E198ED7520018F361 /* BSDBangBox.m */ = {isa = PBXFileReference; fileEncoding = 4; lastKnownFileType = sourcecode.c.objc; path = BSDBangBox.m; sourceTree = "<group>"; };
		F2613670198ED7520018F361 /* NSValue+BSD.h */ = {isa = PBXFileReference; fileEncoding = 4; lastKnownFileType = sourcecode.c.h; path = "NSValue+BSD.h"; sourceTree = "<group>"; };
		F2613671198ED7520018F361 /* NSValue+BSD.m */ = {isa = PBXFileReference; fileEncoding = 4; lastKnownFileType = sourcecode.c.objc; path = "NSValue+BSD.m"; sourceTree = "<group>"; };
		F2613673198ED7520018F361 /* BSDArrayClassify.h */ = {isa = PBXFileReference; fileEncoding = 4; lastKnownFileType = sourcecode.c.h; name = BSDArrayClassify.h; path = ../Dictionaries/BSDArrayClassify.h; sourceTree = "<group>"; };
		F2613674198ED7520018F361 /* BSDArrayClassify.m */ = {isa = PBXFileReference; fileEncoding = 4; lastKnownFileType = sourcecode.c.objc; name = BSDArrayClassify.m; path = ../Dictionaries/BSDArrayClassify.m; sourceTree = "<group>"; };
		F2613675198ED7520018F361 /* BSDDictionarySerialize.h */ = {isa = PBXFileReference; fileEncoding = 4; lastKnownFileType = sourcecode.c.h; path = BSDDictionarySerialize.h; sourceTree = "<group>"; };
		F2613676198ED7520018F361 /* BSDDictionarySerialize.m */ = {isa = PBXFileReference; fileEncoding = 4; lastKnownFileType = sourcecode.c.objc; path = BSDDictionarySerialize.m; sourceTree = "<group>"; };
		F2613677198ED7520018F361 /* BSDMapObject.h */ = {isa = PBXFileReference; fileEncoding = 4; lastKnownFileType = sourcecode.c.h; path = BSDMapObject.h; sourceTree = "<group>"; };
		F2613678198ED7520018F361 /* BSDMapObject.m */ = {isa = PBXFileReference; fileEncoding = 4; lastKnownFileType = sourcecode.c.objc; path = BSDMapObject.m; sourceTree = "<group>"; };
		F261367A198ED7520018F361 /* BSDChange.h */ = {isa = PBXFileReference; fileEncoding = 4; lastKnownFileType = sourcecode.c.h; path = BSDChange.h; sourceTree = "<group>"; };
		F261367B198ED7520018F361 /* BSDChange.m */ = {isa = PBXFileReference; fileEncoding = 4; lastKnownFileType = sourcecode.c.objc; path = BSDChange.m; sourceTree = "<group>"; };
		F261367C198ED7520018F361 /* BSDCounter.h */ = {isa = PBXFileReference; fileEncoding = 4; lastKnownFileType = sourcecode.c.h; path = BSDCounter.h; sourceTree = "<group>"; };
		F261367D198ED7520018F361 /* BSDCounter.m */ = {isa = PBXFileReference; fileEncoding = 4; lastKnownFileType = sourcecode.c.objc; path = BSDCounter.m; sourceTree = "<group>"; };
		F261367E198ED7520018F361 /* BSDAddKey.h */ = {isa = PBXFileReference; fileEncoding = 4; lastKnownFileType = sourcecode.c.h; path = BSDAddKey.h; sourceTree = "<group>"; };
		F261367F198ED7520018F361 /* BSDAddKey.m */ = {isa = PBXFileReference; fileEncoding = 4; lastKnownFileType = sourcecode.c.objc; path = BSDAddKey.m; sourceTree = "<group>"; };
		F2613680198ED7520018F361 /* BSDRoute.h */ = {isa = PBXFileReference; fileEncoding = 4; lastKnownFileType = sourcecode.c.h; path = BSDRoute.h; sourceTree = "<group>"; };
		F2613681198ED7520018F361 /* BSDRoute.m */ = {isa = PBXFileReference; fileEncoding = 4; lastKnownFileType = sourcecode.c.objc; path = BSDRoute.m; sourceTree = "<group>"; };
		F2613682198ED7520018F361 /* BSDSelect.h */ = {isa = PBXFileReference; fileEncoding = 4; lastKnownFileType = sourcecode.c.h; path = BSDSelect.h; sourceTree = "<group>"; };
		F2613683198ED7520018F361 /* BSDSelect.m */ = {isa = PBXFileReference; fileEncoding = 4; lastKnownFileType = sourcecode.c.objc; path = BSDSelect.m; sourceTree = "<group>"; };
		F2613684198ED7520018F361 /* BSDSequence.h */ = {isa = PBXFileReference; fileEncoding = 4; lastKnownFileType = sourcecode.c.h; path = BSDSequence.h; sourceTree = "<group>"; };
		F2613685198ED7520018F361 /* BSDSequence.m */ = {isa = PBXFileReference; fileEncoding = 4; lastKnownFileType = sourcecode.c.objc; path = BSDSequence.m; sourceTree = "<group>"; };
		F2613686198ED7520018F361 /* BSDSpigot.h */ = {isa = PBXFileReference; fileEncoding = 4; lastKnownFileType = sourcecode.c.h; path = BSDSpigot.h; sourceTree = "<group>"; };
		F2613687198ED7520018F361 /* BSDSpigot.m */ = {isa = PBXFileReference; fileEncoding = 4; lastKnownFileType = sourcecode.c.objc; path = BSDSpigot.m; sourceTree = "<group>"; };
		F2613688198ED7520018F361 /* BSDSwap.h */ = {isa = PBXFileReference; fileEncoding = 4; lastKnownFileType = sourcecode.c.h; path = BSDSwap.h; sourceTree = "<group>"; };
		F2613689198ED7520018F361 /* BSDSwap.m */ = {isa = PBXFileReference; fileEncoding = 4; lastKnownFileType = sourcecode.c.objc; path = BSDSwap.m; sourceTree = "<group>"; };
		F261368A198ED7520018F361 /* BSDValueBox.h */ = {isa = PBXFileReference; fileEncoding = 4; lastKnownFileType = sourcecode.c.h; path = BSDValueBox.h; sourceTree = "<group>"; };
		F261368B198ED7520018F361 /* BSDValueBox.m */ = {isa = PBXFileReference; fileEncoding = 4; lastKnownFileType = sourcecode.c.objc; path = BSDValueBox.m; sourceTree = "<group>"; };
		F261368D198ED7520018F361 /* BSDGenerator.h */ = {isa = PBXFileReference; fileEncoding = 4; lastKnownFileType = sourcecode.c.h; path = BSDGenerator.h; sourceTree = "<group>"; };
		F261368E198ED7520018F361 /* BSDGenerator.m */ = {isa = PBXFileReference; fileEncoding = 4; lastKnownFileType = sourcecode.c.objc; path = BSDGenerator.m; sourceTree = "<group>"; };
		F2613690198ED7520018F361 /* BSDTouchGenerator.h */ = {isa = PBXFileReference; fileEncoding = 4; lastKnownFileType = sourcecode.c.h; path = BSDTouchGenerator.h; sourceTree = "<group>"; };
		F2613691198ED7520018F361 /* BSDTouchGenerator.m */ = {isa = PBXFileReference; fileEncoding = 4; lastKnownFileType = sourcecode.c.objc; path = BSDTouchGenerator.m; sourceTree = "<group>"; };
		F2613693198ED7520018F361 /* BSDCreate.h */ = {isa = PBXFileReference; fileEncoding = 4; lastKnownFileType = sourcecode.c.h; path = BSDCreate.h; sourceTree = "<group>"; };
		F2613694198ED7520018F361 /* BSDCreate.m */ = {isa = PBXFileReference; fileEncoding = 4; lastKnownFileType = sourcecode.c.objc; path = BSDCreate.m; sourceTree = "<group>"; };
		F2613695198ED7520018F361 /* BSDObject.h */ = {isa = PBXFileReference; fileEncoding = 4; lastKnownFileType = sourcecode.c.h; path = BSDObject.h; sourceTree = "<group>"; };
		F2613696198ED7520018F361 /* BSDObject.m */ = {isa = PBXFileReference; fileEncoding = 4; lastKnownFileType = sourcecode.c.objc; path = BSDObject.m; sourceTree = "<group>"; };
		F2613697198ED7520018F361 /* BSDObjects.h */ = {isa = PBXFileReference; fileEncoding = 4; lastKnownFileType = sourcecode.c.h; path = BSDObjects.h; sourceTree = "<group>"; };
		F2613698198ED7520018F361 /* BSDPatch.h */ = {isa = PBXFileReference; fileEncoding = 4; lastKnownFileType = sourcecode.c.h; path = BSDPatch.h; sourceTree = "<group>"; };
		F261369B198ED7520018F361 /* BSDAbs.h */ = {isa = PBXFileReference; fileEncoding = 4; lastKnownFileType = sourcecode.c.h; path = BSDAbs.h; sourceTree = "<group>"; };
		F261369C198ED7520018F361 /* BSDAbs.m */ = {isa = PBXFileReference; fileEncoding = 4; lastKnownFileType = sourcecode.c.objc; path = BSDAbs.m; sourceTree = "<group>"; };
		F261369D198ED7520018F361 /* BSDAdd.h */ = {isa = PBXFileReference; fileEncoding = 4; lastKnownFileType = sourcecode.c.h; path = BSDAdd.h; sourceTree = "<group>"; };
		F261369E198ED7520018F361 /* BSDAdd.m */ = {isa = PBXFileReference; fileEncoding = 4; lastKnownFileType = sourcecode.c.objc; path = BSDAdd.m; sourceTree = "<group>"; };
		F261369F198ED7520018F361 /* BSDDivide.h */ = {isa = PBXFileReference; fileEncoding = 4; lastKnownFileType = sourcecode.c.h; path = BSDDivide.h; sourceTree = "<group>"; };
		F26136A0198ED7520018F361 /* BSDDivide.m */ = {isa = PBXFileReference; fileEncoding = 4; lastKnownFileType = sourcecode.c.objc; path = BSDDivide.m; sourceTree = "<group>"; };
		F26136A1198ED7520018F361 /* BSDNaturalLog.h */ = {isa = PBXFileReference; fileEncoding = 4; lastKnownFileType = sourcecode.c.h; path = BSDNaturalLog.h; sourceTree = "<group>"; };
		F26136A2198ED7520018F361 /* BSDNaturalLog.m */ = {isa = PBXFileReference; fileEncoding = 4; lastKnownFileType = sourcecode.c.objc; path = BSDNaturalLog.m; sourceTree = "<group>"; };
		F26136A3198ED7520018F361 /* BSDMod.h */ = {isa = PBXFileReference; fileEncoding = 4; lastKnownFileType = sourcecode.c.h; path = BSDMod.h; sourceTree = "<group>"; };
		F26136A4198ED7520018F361 /* BSDMod.m */ = {isa = PBXFileReference; fileEncoding = 4; lastKnownFileType = sourcecode.c.objc; path = BSDMod.m; sourceTree = "<group>"; };
		F26136A5198ED7520018F361 /* BSDMultiply.h */ = {isa = PBXFileReference; fileEncoding = 4; lastKnownFileType = sourcecode.c.h; path = BSDMultiply.h; sourceTree = "<group>"; };
		F26136A6198ED7520018F361 /* BSDMultiply.m */ = {isa = PBXFileReference; fileEncoding = 4; lastKnownFileType = sourcecode.c.objc; path = BSDMultiply.m; sourceTree = "<group>"; };
		F26136A7198ED7520018F361 /* BSDExponent.h */ = {isa = PBXFileReference; fileEncoding = 4; lastKnownFileType = sourcecode.c.h; path = BSDExponent.h; sourceTree = "<group>"; };
		F26136A8198ED7520018F361 /* BSDExponent.m */ = {isa = PBXFileReference; fileEncoding = 4; lastKnownFileType = sourcecode.c.objc; path = BSDExponent.m; sourceTree = "<group>"; };
		F26136A9198ED7520018F361 /* BSDReciprocal.h */ = {isa = PBXFileReference; fileEncoding = 4; lastKnownFileType = sourcecode.c.h; path = BSDReciprocal.h; sourceTree = "<group>"; };
		F26136AA198ED7520018F361 /* BSDReciprocal.m */ = {isa = PBXFileReference; fileEncoding = 4; lastKnownFileType = sourcecode.c.objc; path = BSDReciprocal.m; sourceTree = "<group>"; };
		F26136AB198ED7520018F361 /* BSDSubtract.h */ = {isa = PBXFileReference; fileEncoding = 4; lastKnownFileType = sourcecode.c.h; path = BSDSubtract.h; sourceTree = "<group>"; };
		F26136AC198ED7520018F361 /* BSDSubtract.m */ = {isa = PBXFileReference; fileEncoding = 4; lastKnownFileType = sourcecode.c.objc; path = BSDSubtract.m; sourceTree = "<group>"; };
		F26136AE198ED7520018F361 /* BSDEqual.h */ = {isa = PBXFileReference; fileEncoding = 4; lastKnownFileType = sourcecode.c.h; path = BSDEqual.h; sourceTree = "<group>"; };
		F26136AF198ED7520018F361 /* BSDEqual.m */ = {isa = PBXFileReference; fileEncoding = 4; lastKnownFileType = sourcecode.c.objc; path = BSDEqual.m; sourceTree = "<group>"; };
		F26136B0198ED7520018F361 /* BSDEqualGreater.h */ = {isa = PBXFileReference; fileEncoding = 4; lastKnownFileType = sourcecode.c.h; path = BSDEqualGreater.h; sourceTree = "<group>"; };
		F26136B1198ED7520018F361 /* BSDEqualGreater.m */ = {isa = PBXFileReference; fileEncoding = 4; lastKnownFileType = sourcecode.c.objc; path = BSDEqualGreater.m; sourceTree = "<group>"; };
		F26136B2198ED7520018F361 /* BSDEqualLess.h */ = {isa = PBXFileReference; fileEncoding = 4; lastKnownFileType = sourcecode.c.h; path = BSDEqualLess.h; sourceTree = "<group>"; };
		F26136B3198ED7520018F361 /* BSDEqualLess.m */ = {isa = PBXFileReference; fileEncoding = 4; lastKnownFileType = sourcecode.c.objc; path = BSDEqualLess.m; sourceTree = "<group>"; };
		F26136B4198ED7520018F361 /* BSDGreater.h */ = {isa = PBXFileReference; fileEncoding = 4; lastKnownFileType = sourcecode.c.h; path = BSDGreater.h; sourceTree = "<group>"; };
		F26136B5198ED7520018F361 /* BSDGreater.m */ = {isa = PBXFileReference; fileEncoding = 4; lastKnownFileType = sourcecode.c.objc; path = BSDGreater.m; sourceTree = "<group>"; };
		F26136B6198ED7520018F361 /* BSDLess.h */ = {isa = PBXFileReference; fileEncoding = 4; lastKnownFileType = sourcecode.c.h; path = BSDLess.h; sourceTree = "<group>"; };
		F26136B7198ED7520018F361 /* BSDLess.m */ = {isa = PBXFileReference; fileEncoding = 4; lastKnownFileType = sourcecode.c.objc; path = BSDLess.m; sourceTree = "<group>"; };
		F26136B8198ED7520018F361 /* BSDMax.h */ = {isa = PBXFileReference; fileEncoding = 4; lastKnownFileType = sourcecode.c.h; path = BSDMax.h; sourceTree = "<group>"; };
		F26136B9198ED7520018F361 /* BSDMax.m */ = {isa = PBXFileReference; fileEncoding = 4; lastKnownFileType = sourcecode.c.objc; path = BSDMax.m; sourceTree = "<group>"; };
		F26136BA198ED7520018F361 /* BSDMin.h */ = {isa = PBXFileReference; fileEncoding = 4; lastKnownFileType = sourcecode.c.h; path = BSDMin.h; sourceTree = "<group>"; };
		F26136BB198ED7520018F361 /* BSDMin.m */ = {isa = PBXFileReference; fileEncoding = 4; lastKnownFileType = sourcecode.c.objc; path = BSDMin.m; sourceTree = "<group>"; };
		F26136BD198ED7520018F361 /* BSDDistance2D.h */ = {isa = PBXFileReference; fileEncoding = 4; lastKnownFileType = sourcecode.c.h; path = BSDDistance2D.h; sourceTree = "<group>"; };
		F26136BE198ED7520018F361 /* BSDDistance2D.m */ = {isa = PBXFileReference; fileEncoding = 4; lastKnownFileType = sourcecode.c.objc; path = BSDDistance2D.m; sourceTree = "<group>"; };
		F26136BF198ED7520018F361 /* BSDDistanceFrom2DPoint.h */ = {isa = PBXFileReference; fileEncoding = 4; lastKnownFileType = sourcecode.c.h; path = BSDDistanceFrom2DPoint.h; sourceTree = "<group>"; };
		F26136C0198ED7520018F361 /* BSDDistanceFrom2DPoint.m */ = {isa = PBXFileReference; fileEncoding = 4; lastKnownFileType = sourcecode.c.objc; path = BSDDistanceFrom2DPoint.m; sourceTree = "<group>"; };
		F26136C1198ED7520018F361 /* BSDIntersect2Circles.h */ = {isa = PBXFileReference; fileEncoding = 4; lastKnownFileType = sourcecode.c.h; path = BSDIntersect2Circles.h; sourceTree = "<group>"; };
		F26136C2198ED7520018F361 /* BSDIntersect2Circles.m */ = {isa = PBXFileReference; fileEncoding = 4; lastKnownFileType = sourcecode.c.objc; path = BSDIntersect2Circles.m; sourceTree = "<group>"; };
		F26136C3198ED7520018F361 /* BSDIntersect2CirclesHelper.h */ = {isa = PBXFileReference; fileEncoding = 4; lastKnownFileType = sourcecode.c.h; path = BSDIntersect2CirclesHelper.h; sourceTree = "<group>"; };
		F26136C4198ED7520018F361 /* BSDIntersect2CirclesHelper.m */ = {isa = PBXFileReference; fileEncoding = 4; lastKnownFileType = sourcecode.c.objc; path = BSDIntersect2CirclesHelper.m; sourceTree = "<group>"; };
		F26136C6198ED7520018F361 /* BSDPoint2D.h */ = {isa = PBXFileReference; fileEncoding = 4; lastKnownFileType = sourcecode.c.h; path = BSDPoint2D.h; sourceTree = "<group>"; };
		F26136C7198ED7520018F361 /* BSDPoint2D.m */ = {isa = PBXFileReference; fileEncoding = 4; lastKnownFileType = sourcecode.c.objc; path = BSDPoint2D.m; sourceTree = "<group>"; };
		F26136C8198ED7520018F361 /* BSDRect.h */ = {isa = PBXFileReference; fileEncoding = 4; lastKnownFileType = sourcecode.c.h; path = BSDRect.h; sourceTree = "<group>"; };
		F26136C9198ED7520018F361 /* BSDRect.m */ = {isa = PBXFileReference; fileEncoding = 4; lastKnownFileType = sourcecode.c.objc; path = BSDRect.m; sourceTree = "<group>"; };
		F26136CA198ED7520018F361 /* BSDRectSplit.h */ = {isa = PBXFileReference; fileEncoding = 4; lastKnownFileType = sourcecode.c.h; path = BSDRectSplit.h; sourceTree = "<group>"; };
		F26136CB198ED7520018F361 /* BSDRectSplit.m */ = {isa = PBXFileReference; fileEncoding = 4; lastKnownFileType = sourcecode.c.objc; path = BSDRectSplit.m; sourceTree = "<group>"; };
		F26136CC198ED7520018F361 /* BSDSplitPoint.h */ = {isa = PBXFileReference; fileEncoding = 4; lastKnownFileType = sourcecode.c.h; path = BSDSplitPoint.h; sourceTree = "<group>"; };
		F26136CD198ED7520018F361 /* BSDSplitPoint.m */ = {isa = PBXFileReference; fileEncoding = 4; lastKnownFileType = sourcecode.c.objc; path = BSDSplitPoint.m; sourceTree = "<group>"; };
		F26136CF198ED7520018F361 /* BSDAverage.h */ = {isa = PBXFileReference; fileEncoding = 4; lastKnownFileType = sourcecode.c.h; path = BSDAverage.h; sourceTree = "<group>"; };
		F26136D0198ED7520018F361 /* BSDAverage.m */ = {isa = PBXFileReference; fileEncoding = 4; lastKnownFileType = sourcecode.c.objc; path = BSDAverage.m; sourceTree = "<group>"; };
		F26136D1198ED7520018F361 /* BSDMedian.h */ = {isa = PBXFileReference; fileEncoding = 4; lastKnownFileType = sourcecode.c.h; path = BSDMedian.h; sourceTree = "<group>"; };
		F26136D2198ED7520018F361 /* BSDMedian.m */ = {isa = PBXFileReference; fileEncoding = 4; lastKnownFileType = sourcecode.c.objc; path = BSDMedian.m; sourceTree = "<group>"; };
		F26136D3198ED7520018F361 /* BSDStdDev.h */ = {isa = PBXFileReference; fileEncoding = 4; lastKnownFileType = sourcecode.c.h; path = BSDStdDev.h; sourceTree = "<group>"; };
		F26136D4198ED7520018F361 /* BSDStdDev.m */ = {isa = PBXFileReference; fileEncoding = 4; lastKnownFileType = sourcecode.c.objc; path = BSDStdDev.m; sourceTree = "<group>"; };
		F26136D6198ED7520018F361 /* BSDAccum.h */ = {isa = PBXFileReference; fileEncoding = 4; lastKnownFileType = sourcecode.c.h; path = BSDAccum.h; sourceTree = "<group>"; };
		F26136D7198ED7520018F361 /* BSDAccum.m */ = {isa = PBXFileReference; fileEncoding = 4; lastKnownFileType = sourcecode.c.objc; path = BSDAccum.m; sourceTree = "<group>"; };
		F26136D8198ED7520018F361 /* BSDClipSoft.h */ = {isa = PBXFileReference; fileEncoding = 4; lastKnownFileType = sourcecode.c.h; path = BSDClipSoft.h; sourceTree = "<group>"; };
		F26136D9198ED7520018F361 /* BSDClipSoft.m */ = {isa = PBXFileReference; fileEncoding = 4; lastKnownFileType = sourcecode.c.objc; path = BSDClipSoft.m; sourceTree = "<group>"; };
		F26136DA198ED7520018F361 /* BSDClipHard.h */ = {isa = PBXFileReference; fileEncoding = 4; lastKnownFileType = sourcecode.c.h; path = BSDClipHard.h; sourceTree = "<group>"; };
		F26136DB198ED7520018F361 /* BSDClipHard.m */ = {isa = PBXFileReference; fileEncoding = 4; lastKnownFileType = sourcecode.c.objc; path = BSDClipHard.m; sourceTree = "<group>"; };
		F26136DC198ED7520018F361 /* BSDInt.h */ = {isa = PBXFileReference; fileEncoding = 4; lastKnownFileType = sourcecode.c.h; path = BSDInt.h; sourceTree = "<group>"; };
		F26136DD198ED7520018F361 /* BSDInt.m */ = {isa = PBXFileReference; fileEncoding = 4; lastKnownFileType = sourcecode.c.objc; path = BSDInt.m; sourceTree = "<group>"; };
		F26136DF198ED7520018F361 /* BSDInlet.h */ = {isa = PBXFileReference; fileEncoding = 4; lastKnownFileType = sourcecode.c.h; path = BSDInlet.h; sourceTree = "<group>"; };
		F26136E0198ED7520018F361 /* BSDInlet.m */ = {isa = PBXFileReference; fileEncoding = 4; lastKnownFileType = sourcecode.c.objc; path = BSDInlet.m; sourceTree = "<group>"; };
		F26136E1198ED7520018F361 /* BSDOutlet.h */ = {isa = PBXFileReference; fileEncoding = 4; lastKnownFileType = sourcecode.c.h; path = BSDOutlet.h; sourceTree = "<group>"; };
		F26136E2198ED7520018F361 /* BSDOutlet.m */ = {isa = PBXFileReference; fileEncoding = 4; lastKnownFileType = sourcecode.c.objc; path = BSDOutlet.m; sourceTree = "<group>"; };
		F26136E3198ED7520018F361 /* BSDPort.h */ = {isa = PBXFileReference; fileEncoding = 4; lastKnownFileType = sourcecode.c.h; path = BSDPort.h; sourceTree = "<group>"; };
		F26136E4198ED7520018F361 /* BSDPort.m */ = {isa = PBXFileReference; fileEncoding = 4; lastKnownFileType = sourcecode.c.objc; path = BSDPort.m; sourceTree = "<group>"; };
		F26136E6198ED7520018F361 /* BSDFormatString.h */ = {isa = PBXFileReference; fileEncoding = 4; lastKnownFileType = sourcecode.c.h; path = BSDFormatString.h; sourceTree = "<group>"; };
		F26136E7198ED7520018F361 /* BSDFormatString.m */ = {isa = PBXFileReference; fileEncoding = 4; lastKnownFileType = sourcecode.c.objc; path = BSDFormatString.m; sourceTree = "<group>"; };
		F26136E9198ED7520018F361 /* BSDColor.h */ = {isa = PBXFileReference; fileEncoding = 4; lastKnownFileType = sourcecode.c.h; name = BSDColor.h; path = UI/BSDColor.h; sourceTree = "<group>"; };
		F26136EA198ED7520018F361 /* BSDColor.m */ = {isa = PBXFileReference; fileEncoding = 4; lastKnownFileType = sourcecode.c.objc; name = BSDColor.m; path = UI/BSDColor.m; sourceTree = "<group>"; };
		F26136EB198ED7520018F361 /* BSDFont.h */ = {isa = PBXFileReference; fileEncoding = 4; lastKnownFileType = sourcecode.c.h; name = BSDFont.h; path = UI/BSDFont.h; sourceTree = "<group>"; };
		F26136EC198ED7520018F361 /* BSDFont.m */ = {isa = PBXFileReference; fileEncoding = 4; lastKnownFileType = sourcecode.c.objc; name = BSDFont.m; path = UI/BSDFont.m; sourceTree = "<group>"; };
		F26136ED198ED7520018F361 /* BSDLabel.h */ = {isa = PBXFileReference; fileEncoding = 4; lastKnownFileType = sourcecode.c.h; path = BSDLabel.h; sourceTree = "<group>"; };
		F26136EE198ED7520018F361 /* BSDLabel.m */ = {isa = PBXFileReference; fileEncoding = 4; lastKnownFileType = sourcecode.c.objc; path = BSDLabel.m; sourceTree = "<group>"; };
		F26136F1198ED7520018F361 /* BSDView.h */ = {isa = PBXFileReference; fileEncoding = 4; lastKnownFileType = sourcecode.c.h; path = BSDView.h; sourceTree = "<group>"; };
		F26136F2198ED7520018F361 /* BSDView.m */ = {isa = PBXFileReference; fileEncoding = 4; lastKnownFileType = sourcecode.c.objc; path = BSDView.m; sourceTree = "<group>"; };
		F26136F4198ED7520018F361 /* BSDBuffer.h */ = {isa = PBXFileReference; fileEncoding = 4; lastKnownFileType = sourcecode.c.h; path = BSDBuffer.h; sourceTree = "<group>"; };
		F26136F5198ED7520018F361 /* BSDBuffer.m */ = {isa = PBXFileReference; fileEncoding = 4; lastKnownFileType = sourcecode.c.objc; path = BSDBuffer.m; sourceTree = "<group>"; };
		F26136F6198ED7520018F361 /* BSDPTest.h */ = {isa = PBXFileReference; fileEncoding = 4; lastKnownFileType = sourcecode.c.h; name = BSDPTest.h; path = ../../Utility/BSDPTest.h; sourceTree = "<group>"; };
		F26136F7198ED7520018F361 /* BSDPTest.m */ = {isa = PBXFileReference; fileEncoding = 4; lastKnownFileType = sourcecode.c.objc; name = BSDPTest.m; path = ../../Utility/BSDPTest.m; sourceTree = "<group>"; };
		F26136F8198ED7520018F361 /* BSDTestVariable.h */ = {isa = PBXFileReference; fileEncoding = 4; lastKnownFileType = sourcecode.c.h; path = BSDTestVariable.h; sourceTree = "<group>"; };
		F26136F9198ED7520018F361 /* BSDTestVariable.m */ = {isa = PBXFileReference; fileEncoding = 4; lastKnownFileType = sourcecode.c.objc; path = BSDTestVariable.m; sourceTree = "<group>"; };
		F267F20A198F632B0077773F /* CoreMotion.framework */ = {isa = PBXFileReference; lastKnownFileType = wrapper.framework; name = CoreMotion.framework; path = System/Library/Frameworks/CoreMotion.framework; sourceTree = SDKROOT; };
		F267F20C198F63EB0077773F /* BSDMotionGenerator.h */ = {isa = PBXFileReference; fileEncoding = 4; lastKnownFileType = sourcecode.c.h; path = BSDMotionGenerator.h; sourceTree = "<group>"; };
		F267F20D198F63EB0077773F /* BSDMotionGenerator.m */ = {isa = PBXFileReference; fileEncoding = 4; lastKnownFileType = sourcecode.c.objc; path = BSDMotionGenerator.m; sourceTree = "<group>"; };
		F267F20F198F66AC0077773F /* BSDVelocity.h */ = {isa = PBXFileReference; fileEncoding = 4; lastKnownFileType = sourcecode.c.h; path = BSDVelocity.h; sourceTree = "<group>"; };
		F267F210198F66AC0077773F /* BSDVelocity.m */ = {isa = PBXFileReference; fileEncoding = 4; lastKnownFileType = sourcecode.c.objc; path = BSDVelocity.m; sourceTree = "<group>"; };
		F267F212198F71190077773F /* BSDPoint3D.h */ = {isa = PBXFileReference; fileEncoding = 4; lastKnownFileType = sourcecode.c.h; path = BSDPoint3D.h; sourceTree = "<group>"; };
		F267F213198F71190077773F /* BSDPoint3D.m */ = {isa = PBXFileReference; fileEncoding = 4; lastKnownFileType = sourcecode.c.objc; path = BSDPoint3D.m; sourceTree = "<group>"; };
		F2832CFF197B782F00DD2E73 /* BSDEstimatedPointView.h */ = {isa = PBXFileReference; fileEncoding = 4; lastKnownFileType = sourcecode.c.h; path = BSDEstimatedPointView.h; sourceTree = "<group>"; };
		F2832D00197B782F00DD2E73 /* BSDEstimatedPointView.m */ = {isa = PBXFileReference; fileEncoding = 4; lastKnownFileType = sourcecode.c.objc; path = BSDEstimatedPointView.m; sourceTree = "<group>"; };
		F28579DF19919CAC00F139B7 /* BSDLayer.h */ = {isa = PBXFileReference; fileEncoding = 4; lastKnownFileType = sourcecode.c.h; path = BSDLayer.h; sourceTree = "<group>"; };
		F28579E019919CAC00F139B7 /* BSDLayer.m */ = {isa = PBXFileReference; fileEncoding = 4; lastKnownFileType = sourcecode.c.objc; path = BSDLayer.m; sourceTree = "<group>"; };
		F2AFEFBA197B401D00461AE9 /* BSDReferencePointView.h */ = {isa = PBXFileReference; fileEncoding = 4; lastKnownFileType = sourcecode.c.h; path = BSDReferencePointView.h; sourceTree = "<group>"; };
		F2AFEFBB197B401D00461AE9 /* BSDReferencePointView.m */ = {isa = PBXFileReference; fileEncoding = 4; lastKnownFileType = sourcecode.c.objc; path = BSDReferencePointView.m; sourceTree = "<group>"; };
		F2B4D047199B1A9D00EB94AC /* BSDVideoStream.h */ = {isa = PBXFileReference; fileEncoding = 4; lastKnownFileType = sourcecode.c.h; path = BSDVideoStream.h; sourceTree = "<group>"; };
		F2B4D048199B1A9D00EB94AC /* BSDVideoStream.m */ = {isa = PBXFileReference; fileEncoding = 4; lastKnownFileType = sourcecode.c.objc; path = BSDVideoStream.m; sourceTree = "<group>"; };
		F2CCA5B91991C4FA0067C35A /* BSDBasicAnimation.h */ = {isa = PBXFileReference; fileEncoding = 4; lastKnownFileType = sourcecode.c.h; path = BSDBasicAnimation.h; sourceTree = "<group>"; };
		F2CCA5BA1991C4FA0067C35A /* BSDBasicAnimation.m */ = {isa = PBXFileReference; fileEncoding = 4; lastKnownFileType = sourcecode.c.objc; path = BSDBasicAnimation.m; sourceTree = "<group>"; };
		F2CCA5BC1991CAE60067C35A /* BSDArrayAccum.h */ = {isa = PBXFileReference; fileEncoding = 4; lastKnownFileType = sourcecode.c.h; path = BSDArrayAccum.h; sourceTree = "<group>"; };
		F2CCA5BD1991CAE60067C35A /* BSDArrayAccum.m */ = {isa = PBXFileReference; fileEncoding = 4; lastKnownFileType = sourcecode.c.objc; path = BSDArrayAccum.m; sourceTree = "<group>"; };
		F2CCA5BF1991E0FB0067C35A /* BSDSpeedLimit.h */ = {isa = PBXFileReference; fileEncoding = 4; lastKnownFileType = sourcecode.c.h; path = BSDSpeedLimit.h; sourceTree = "<group>"; };
		F2CCA5C01991E0FB0067C35A /* BSDSpeedLimit.m */ = {isa = PBXFileReference; fileEncoding = 4; lastKnownFileType = sourcecode.c.objc; path = BSDSpeedLimit.m; sourceTree = "<group>"; };
		F2CCA5C21991ECEA0067C35A /* BSDSin.h */ = {isa = PBXFileReference; fileEncoding = 4; lastKnownFileType = sourcecode.c.h; path = BSDSin.h; sourceTree = "<group>"; };
		F2CCA5C31991ECEA0067C35A /* BSDSin.m */ = {isa = PBXFileReference; fileEncoding = 4; lastKnownFileType = sourcecode.c.objc; path = BSDSin.m; sourceTree = "<group>"; };
		F2CCA5C51991ED8B0067C35A /* BSDCos.h */ = {isa = PBXFileReference; fileEncoding = 4; lastKnownFileType = sourcecode.c.h; path = BSDCos.h; sourceTree = "<group>"; };
		F2CCA5C61991ED8B0067C35A /* BSDCos.m */ = {isa = PBXFileReference; fileEncoding = 4; lastKnownFileType = sourcecode.c.objc; path = BSDCos.m; sourceTree = "<group>"; };
		F2CCA5C81991EDAB0067C35A /* BSDTan.h */ = {isa = PBXFileReference; fileEncoding = 4; lastKnownFileType = sourcecode.c.h; path = BSDTan.h; sourceTree = "<group>"; };
		F2CCA5C91991EDAB0067C35A /* BSDTan.m */ = {isa = PBXFileReference; fileEncoding = 4; lastKnownFileType = sourcecode.c.objc; path = BSDTan.m; sourceTree = "<group>"; };
		F2D3D51B197C736B008B37C2 /* BSDEstimatedPointLabel.h */ = {isa = PBXFileReference; fileEncoding = 4; lastKnownFileType = sourcecode.c.h; path = BSDEstimatedPointLabel.h; sourceTree = "<group>"; };
		F2D3D51C197C736B008B37C2 /* BSDEstimatedPointLabel.m */ = {isa = PBXFileReference; fileEncoding = 4; lastKnownFileType = sourcecode.c.objc; path = BSDEstimatedPointLabel.m; sourceTree = "<group>"; };
		F2D3D524197CA386008B37C2 /* BSDExamplePatch.h */ = {isa = PBXFileReference; fileEncoding = 4; lastKnownFileType = sourcecode.c.h; path = BSDExamplePatch.h; sourceTree = "<group>"; };
		F2D3D525197CA386008B37C2 /* BSDExamplePatch.m */ = {isa = PBXFileReference; fileEncoding = 4; lastKnownFileType = sourcecode.c.objc; path = BSDExamplePatch.m; sourceTree = "<group>"; };
		F2D8E6BC198F53EC00216BC5 /* BSDExample.h */ = {isa = PBXFileReference; fileEncoding = 4; lastKnownFileType = sourcecode.c.h; path = BSDExample.h; sourceTree = "<group>"; };
		F2D8E6BD198F53EC00216BC5 /* BSDExample.m */ = {isa = PBXFileReference; fileEncoding = 4; lastKnownFileType = sourcecode.c.objc; path = BSDExample.m; sourceTree = "<group>"; };
/* End PBXFileReference section */

/* Begin PBXFrameworksBuildPhase section */
		F243691B197499DF00512371 /* Frameworks */ = {
			isa = PBXFrameworksBuildPhase;
			buildActionMask = 2147483647;
			files = (
				F267F20B198F632B0077773F /* CoreMotion.framework in Frameworks */,
				F2436924197499DF00512371 /* CoreGraphics.framework in Frameworks */,
				F2436926197499DF00512371 /* UIKit.framework in Frameworks */,
				F2436922197499DF00512371 /* Foundation.framework in Frameworks */,
			);
			runOnlyForDeploymentPostprocessing = 0;
		};
		F243693F197499DF00512371 /* Frameworks */ = {
			isa = PBXFrameworksBuildPhase;
			buildActionMask = 2147483647;
			files = (
				F2436944197499DF00512371 /* XCTest.framework in Frameworks */,
				F2436946197499DF00512371 /* UIKit.framework in Frameworks */,
				F2436945197499DF00512371 /* Foundation.framework in Frameworks */,
			);
			runOnlyForDeploymentPostprocessing = 0;
		};
/* End PBXFrameworksBuildPhase section */

/* Begin PBXGroup section */
		F21B7A96198F074F00433676 /* TO DO */ = {
			isa = PBXGroup;
			children = (
				F26136E9198ED7520018F361 /* BSDColor.h */,
				F26136EA198ED7520018F361 /* BSDColor.m */,
				F26136EB198ED7520018F361 /* BSDFont.h */,
				F26136EC198ED7520018F361 /* BSDFont.m */,
			);
			name = "TO DO";
			sourceTree = "<group>";
		};
		F2436915197499DF00512371 = {
			isa = PBXGroup;
			children = (
				F2436927197499DF00512371 /* BSDPatchExample */,
				F2436949197499DF00512371 /* BSDPatchExampleTests */,
				F2436920197499DF00512371 /* Frameworks */,
				F243691F197499DF00512371 /* Products */,
			);
			sourceTree = "<group>";
		};
		F243691F197499DF00512371 /* Products */ = {
			isa = PBXGroup;
			children = (
				F243691E197499DF00512371 /* BSDPatchExample.app */,
				F2436942197499DF00512371 /* BSDPatchExampleTests.xctest */,
			);
			name = Products;
			sourceTree = "<group>";
		};
		F2436920197499DF00512371 /* Frameworks */ = {
			isa = PBXGroup;
			children = (
				F267F20A198F632B0077773F /* CoreMotion.framework */,
				F2436921197499DF00512371 /* Foundation.framework */,
				F2436923197499DF00512371 /* CoreGraphics.framework */,
				F2436925197499DF00512371 /* UIKit.framework */,
				F2436943197499DF00512371 /* XCTest.framework */,
			);
			name = Frameworks;
			sourceTree = "<group>";
		};
		F2436927197499DF00512371 /* BSDPatchExample */ = {
			isa = PBXGroup;
			children = (
				F2613652198ED7520018F361 /* BSDPatch */,
				F2613632198ED2F80018F361 /* Example Project */,
				F243693C197499DF00512371 /* Images.xcassets */,
				F2436928197499DF00512371 /* Supporting Files */,
			);
			path = BSDPatchExample;
			sourceTree = "<group>";
		};
		F2436928197499DF00512371 /* Supporting Files */ = {
			isa = PBXGroup;
			children = (
				F2436929197499DF00512371 /* BSDPatchExample-Info.plist */,
				F243692A197499DF00512371 /* InfoPlist.strings */,
				F243692D197499DF00512371 /* main.m */,
				F243692F197499DF00512371 /* BSDPatchExample-Prefix.pch */,
			);
			name = "Supporting Files";
			sourceTree = "<group>";
		};
		F2436949197499DF00512371 /* BSDPatchExampleTests */ = {
			isa = PBXGroup;
			children = (
				F243694F197499DF00512371 /* BSDPatchExampleTests.m */,
				F243694A197499DF00512371 /* Supporting Files */,
			);
			path = BSDPatchExampleTests;
			sourceTree = "<group>";
		};
		F243694A197499DF00512371 /* Supporting Files */ = {
			isa = PBXGroup;
			children = (
				F243694B197499DF00512371 /* BSDPatchExampleTests-Info.plist */,
				F243694C197499DF00512371 /* InfoPlist.strings */,
			);
			name = "Supporting Files";
			sourceTree = "<group>";
		};
		F2613632198ED2F80018F361 /* Example Project */ = {
			isa = PBXGroup;
			children = (
				F2436930197499DF00512371 /* BSDAppDelegate.h */,
				F2436931197499DF00512371 /* BSDAppDelegate.m */,
				F2436933197499DF00512371 /* Main_iPhone.storyboard */,
				F2436936197499DF00512371 /* Main_iPad.storyboard */,
				F2436939197499DF00512371 /* BSDViewController.h */,
				F243693A197499DF00512371 /* BSDViewController.m */,
				F2D8E6BC198F53EC00216BC5 /* BSDExample.h */,
				F2D8E6BD198F53EC00216BC5 /* BSDExample.m */,
				F267F20C198F63EB0077773F /* BSDMotionGenerator.h */,
				F267F20D198F63EB0077773F /* BSDMotionGenerator.m */,
				F2D3D524197CA386008B37C2 /* BSDExamplePatch.h */,
				F2D3D525197CA386008B37C2 /* BSDExamplePatch.m */,
				F2D3D51B197C736B008B37C2 /* BSDEstimatedPointLabel.h */,
				F2D3D51C197C736B008B37C2 /* BSDEstimatedPointLabel.m */,
				F2832CFF197B782F00DD2E73 /* BSDEstimatedPointView.h */,
				F2832D00197B782F00DD2E73 /* BSDEstimatedPointView.m */,
				F2AFEFBA197B401D00461AE9 /* BSDReferencePointView.h */,
				F2AFEFBB197B401D00461AE9 /* BSDReferencePointView.m */,
			);
			name = "Example Project";
			sourceTree = "<group>";
		};
		F2613652198ED7520018F361 /* BSDPatch */ = {
			isa = PBXGroup;
			children = (
				F21B7A96198F074F00433676 /* TO DO */,
				F26136F3198ED7520018F361 /* Utility */,
				F261366A198ED7520018F361 /* Bang */,
				F2613653198ED7520018F361 /* Arrays */,
				F261366F198ED7520018F361 /* Class Categories */,
				F2613679198ED7520018F361 /* Flow Control */,
				F2613692198ED7520018F361 /* Main */,
				F26136DE198ED7520018F361 /* Ports */,
				F2613699198ED7520018F361 /* Numbers */,
				F26136E5198ED7520018F361 /* Strings */,
				F2613672198ED7520018F361 /* Dictionaries */,
				F261368C198ED7520018F361 /* Generators */,
				F26136E8198ED7520018F361 /* UI */,
				F2B4D047199B1A9D00EB94AC /* BSDVideoStream.h */,
				F2B4D048199B1A9D00EB94AC /* BSDVideoStream.m */,
			);
			path = BSDPatch;
			sourceTree = "<group>";
		};
		F2613653198ED7520018F361 /* Arrays */ = {
			isa = PBXGroup;
			children = (
				F2613673198ED7520018F361 /* BSDArrayClassify.h */,
				F2613674198ED7520018F361 /* BSDArrayClassify.m */,
				F2613656198ED7520018F361 /* BSDArraySerialize.h */,
				F2613657198ED7520018F361 /* BSDArraySerialize.m */,
				F2613658198ED7520018F361 /* BSDArrayElement.h */,
				F2613659198ED7520018F361 /* BSDArrayElement.m */,
				F261365A198ED7520018F361 /* BSDArrayFilter.h */,
				F261365B198ED7520018F361 /* BSDArrayFilter.m */,
				F261365C198ED7520018F361 /* BSDArrayLength.h */,
				F261365D198ED7520018F361 /* BSDArrayLength.m */,
				F2613666198ED7520018F361 /* BSDArraySort.h */,
				F2613667198ED7520018F361 /* BSDArraySort.m */,
				F2613668198ED7520018F361 /* BSDSplitArray.h */,
				F2613669198ED7520018F361 /* BSDSplitArray.m */,
				F261365E198ED7520018F361 /* BSDArrayPack.h */,
				F261365F198ED7520018F361 /* BSDArrayPack.m */,
				F2613660198ED7520018F361 /* BSDArrayNormalize.h */,
				F2613661198ED7520018F361 /* BSDArrayNormalize.m */,
				F2613662198ED7520018F361 /* BSDArrayPrepend.h */,
				F2613663198ED7520018F361 /* BSDArrayPrepend.m */,
				F21B7A97198F1B5800433676 /* BSDArrayEnumerate.h */,
				F21B7A98198F1B5800433676 /* BSDArrayEnumerate.m */,
				F2CCA5BC1991CAE60067C35A /* BSDArrayAccum.h */,
				F2CCA5BD1991CAE60067C35A /* BSDArrayAccum.m */,
			);
			path = Arrays;
			sourceTree = "<group>";
		};
		F261366A198ED7520018F361 /* Bang */ = {
			isa = PBXGroup;
			children = (
				F261366B198ED7520018F361 /* BSDBang.h */,
				F261366C198ED7520018F361 /* BSDBang.m */,
				F261366D198ED7520018F361 /* BSDBangBox.h */,
				F261366E198ED7520018F361 /* BSDBangBox.m */,
			);
			path = Bang;
			sourceTree = "<group>";
		};
		F261366F198ED7520018F361 /* Class Categories */ = {
			isa = PBXGroup;
			children = (
				F2613670198ED7520018F361 /* NSValue+BSD.h */,
				F2613671198ED7520018F361 /* NSValue+BSD.m */,
			);
			path = "Class Categories";
			sourceTree = "<group>";
		};
		F2613672198ED7520018F361 /* Dictionaries */ = {
			isa = PBXGroup;
			children = (
				F2613675198ED7520018F361 /* BSDDictionarySerialize.h */,
				F2613676198ED7520018F361 /* BSDDictionarySerialize.m */,
				F2613677198ED7520018F361 /* BSDMapObject.h */,
				F2613678198ED7520018F361 /* BSDMapObject.m */,
			);
			path = Dictionaries;
			sourceTree = "<group>";
		};
		F2613679198ED7520018F361 /* Flow Control */ = {
			isa = PBXGroup;
			children = (
				F261367A198ED7520018F361 /* BSDChange.h */,
				F261367B198ED7520018F361 /* BSDChange.m */,
				F261367C198ED7520018F361 /* BSDCounter.h */,
				F261367D198ED7520018F361 /* BSDCounter.m */,
				F261367E198ED7520018F361 /* BSDAddKey.h */,
				F261367F198ED7520018F361 /* BSDAddKey.m */,
				F2613680198ED7520018F361 /* BSDRoute.h */,
				F2613681198ED7520018F361 /* BSDRoute.m */,
				F2613682198ED7520018F361 /* BSDSelect.h */,
				F2613683198ED7520018F361 /* BSDSelect.m */,
				F2613684198ED7520018F361 /* BSDSequence.h */,
				F2613685198ED7520018F361 /* BSDSequence.m */,
				F2613686198ED7520018F361 /* BSDSpigot.h */,
				F2613687198ED7520018F361 /* BSDSpigot.m */,
				F2613688198ED7520018F361 /* BSDSwap.h */,
				F2613689198ED7520018F361 /* BSDSwap.m */,
				F261368A198ED7520018F361 /* BSDValueBox.h */,
				F261368B198ED7520018F361 /* BSDValueBox.m */,
			);
			path = "Flow Control";
			sourceTree = "<group>";
		};
		F261368C198ED7520018F361 /* Generators */ = {
			isa = PBXGroup;
			children = (
				F261368D198ED7520018F361 /* BSDGenerator.h */,
				F261368E198ED7520018F361 /* BSDGenerator.m */,
				F261368F198ED7520018F361 /* Touches */,
			);
			path = Generators;
			sourceTree = "<group>";
		};
		F261368F198ED7520018F361 /* Touches */ = {
			isa = PBXGroup;
			children = (
				F2613690198ED7520018F361 /* BSDTouchGenerator.h */,
				F2613691198ED7520018F361 /* BSDTouchGenerator.m */,
			);
			path = Touches;
			sourceTree = "<group>";
		};
		F2613692198ED7520018F361 /* Main */ = {
			isa = PBXGroup;
			children = (
				F2613698198ED7520018F361 /* BSDPatch.h */,
				F2613697198ED7520018F361 /* BSDObjects.h */,
				F2613695198ED7520018F361 /* BSDObject.h */,
				F2613696198ED7520018F361 /* BSDObject.m */,
				F2613693198ED7520018F361 /* BSDCreate.h */,
				F2613694198ED7520018F361 /* BSDCreate.m */,
			);
			path = Main;
			sourceTree = "<group>";
		};
		F2613699198ED7520018F361 /* Numbers */ = {
			isa = PBXGroup;
			children = (
				F202D82B198EDD2500603073 /* BSDNumberObjects.h */,
				F261369A198ED7520018F361 /* Basic Math */,
				F26136AD198ED7520018F361 /* Compare */,
				F26136BC198ED7520018F361 /* Geometry */,
				F26136CE198ED7520018F361 /* Stats */,
				F26136D5198ED7520018F361 /* Utility */,
			);
			path = Numbers;
			sourceTree = "<group>";
		};
		F261369A198ED7520018F361 /* Basic Math */ = {
			isa = PBXGroup;
			children = (
				F261369B198ED7520018F361 /* BSDAbs.h */,
				F261369C198ED7520018F361 /* BSDAbs.m */,
				F261369D198ED7520018F361 /* BSDAdd.h */,
				F261369E198ED7520018F361 /* BSDAdd.m */,
				F261369F198ED7520018F361 /* BSDDivide.h */,
				F26136A0198ED7520018F361 /* BSDDivide.m */,
				F26136A1198ED7520018F361 /* BSDNaturalLog.h */,
				F26136A2198ED7520018F361 /* BSDNaturalLog.m */,
				F26136A3198ED7520018F361 /* BSDMod.h */,
				F26136A4198ED7520018F361 /* BSDMod.m */,
				F26136A5198ED7520018F361 /* BSDMultiply.h */,
				F26136A6198ED7520018F361 /* BSDMultiply.m */,
				F26136A7198ED7520018F361 /* BSDExponent.h */,
				F26136A8198ED7520018F361 /* BSDExponent.m */,
				F26136A9198ED7520018F361 /* BSDReciprocal.h */,
				F26136AA198ED7520018F361 /* BSDReciprocal.m */,
				F26136AB198ED7520018F361 /* BSDSubtract.h */,
				F26136AC198ED7520018F361 /* BSDSubtract.m */,
			);
			path = "Basic Math";
			sourceTree = "<group>";
		};
		F26136AD198ED7520018F361 /* Compare */ = {
			isa = PBXGroup;
			children = (
				F26136AE198ED7520018F361 /* BSDEqual.h */,
				F26136AF198ED7520018F361 /* BSDEqual.m */,
				F26136B0198ED7520018F361 /* BSDEqualGreater.h */,
				F26136B1198ED7520018F361 /* BSDEqualGreater.m */,
				F26136B2198ED7520018F361 /* BSDEqualLess.h */,
				F26136B3198ED7520018F361 /* BSDEqualLess.m */,
				F26136B4198ED7520018F361 /* BSDGreater.h */,
				F26136B5198ED7520018F361 /* BSDGreater.m */,
				F26136B6198ED7520018F361 /* BSDLess.h */,
				F26136B7198ED7520018F361 /* BSDLess.m */,
				F26136B8198ED7520018F361 /* BSDMax.h */,
				F26136B9198ED7520018F361 /* BSDMax.m */,
				F26136BA198ED7520018F361 /* BSDMin.h */,
				F26136BB198ED7520018F361 /* BSDMin.m */,
			);
			path = Compare;
			sourceTree = "<group>";
		};
		F26136BC198ED7520018F361 /* Geometry */ = {
			isa = PBXGroup;
			children = (
				F26136BD198ED7520018F361 /* BSDDistance2D.h */,
				F26136BE198ED7520018F361 /* BSDDistance2D.m */,
				F26136BF198ED7520018F361 /* BSDDistanceFrom2DPoint.h */,
				F26136C0198ED7520018F361 /* BSDDistanceFrom2DPoint.m */,
				F26136C1198ED7520018F361 /* BSDIntersect2Circles.h */,
				F26136C2198ED7520018F361 /* BSDIntersect2Circles.m */,
				F26136C3198ED7520018F361 /* BSDIntersect2CirclesHelper.h */,
				F26136C4198ED7520018F361 /* BSDIntersect2CirclesHelper.m */,
				F2CCA5C21991ECEA0067C35A /* BSDSin.h */,
				F2CCA5C31991ECEA0067C35A /* BSDSin.m */,
				F2CCA5C51991ED8B0067C35A /* BSDCos.h */,
				F2CCA5C61991ED8B0067C35A /* BSDCos.m */,
				F2CCA5C81991EDAB0067C35A /* BSDTan.h */,
				F2CCA5C91991EDAB0067C35A /* BSDTan.m */,
				F26136C5198ED7520018F361 /* Types */,
			);
			path = Geometry;
			sourceTree = "<group>";
		};
		F26136C5198ED7520018F361 /* Types */ = {
			isa = PBXGroup;
			children = (
				F26136C6198ED7520018F361 /* BSDPoint2D.h */,
				F26136C7198ED7520018F361 /* BSDPoint2D.m */,
				F267F212198F71190077773F /* BSDPoint3D.h */,
				F267F213198F71190077773F /* BSDPoint3D.m */,
				F26136C8198ED7520018F361 /* BSDRect.h */,
				F26136C9198ED7520018F361 /* BSDRect.m */,
				F26136CA198ED7520018F361 /* BSDRectSplit.h */,
				F26136CB198ED7520018F361 /* BSDRectSplit.m */,
				F26136CC198ED7520018F361 /* BSDSplitPoint.h */,
				F26136CD198ED7520018F361 /* BSDSplitPoint.m */,
			);
			path = Types;
			sourceTree = "<group>";
		};
		F26136CE198ED7520018F361 /* Stats */ = {
			isa = PBXGroup;
			children = (
				F26136CF198ED7520018F361 /* BSDAverage.h */,
				F26136D0198ED7520018F361 /* BSDAverage.m */,
				F26136D1198ED7520018F361 /* BSDMedian.h */,
				F26136D2198ED7520018F361 /* BSDMedian.m */,
				F26136D3198ED7520018F361 /* BSDStdDev.h */,
				F26136D4198ED7520018F361 /* BSDStdDev.m */,
				F26136F6198ED7520018F361 /* BSDPTest.h */,
				F26136F7198ED7520018F361 /* BSDPTest.m */,
			);
			path = Stats;
			sourceTree = "<group>";
		};
		F26136D5198ED7520018F361 /* Utility */ = {
			isa = PBXGroup;
			children = (
				F26136D6198ED7520018F361 /* BSDAccum.h */,
				F26136D7198ED7520018F361 /* BSDAccum.m */,
				F26136D8198ED7520018F361 /* BSDClipSoft.h */,
				F26136D9198ED7520018F361 /* BSDClipSoft.m */,
				F26136DA198ED7520018F361 /* BSDClipHard.h */,
				F26136DB198ED7520018F361 /* BSDClipHard.m */,
				F26136DC198ED7520018F361 /* BSDInt.h */,
				F26136DD198ED7520018F361 /* BSDInt.m */,
			);
			path = Utility;
			sourceTree = "<group>";
		};
		F26136DE198ED7520018F361 /* Ports */ = {
			isa = PBXGroup;
			children = (
				F26136DF198ED7520018F361 /* BSDInlet.h */,
				F26136E0198ED7520018F361 /* BSDInlet.m */,
				F26136E1198ED7520018F361 /* BSDOutlet.h */,
				F26136E2198ED7520018F361 /* BSDOutlet.m */,
				F26136E3198ED7520018F361 /* BSDPort.h */,
				F26136E4198ED7520018F361 /* BSDPort.m */,
			);
			path = Ports;
			sourceTree = "<group>";
		};
		F26136E5198ED7520018F361 /* Strings */ = {
			isa = PBXGroup;
			children = (
				F26136E6198ED7520018F361 /* BSDFormatString.h */,
				F26136E7198ED7520018F361 /* BSDFormatString.m */,
			);
			path = Strings;
			sourceTree = "<group>";
		};
		F26136E8198ED7520018F361 /* UI */ = {
			isa = PBXGroup;
			children = (
				F26136ED198ED7520018F361 /* BSDLabel.h */,
				F26136EE198ED7520018F361 /* BSDLabel.m */,
				F26136F1198ED7520018F361 /* BSDView.h */,
				F26136F2198ED7520018F361 /* BSDView.m */,
				F28579DF19919CAC00F139B7 /* BSDLayer.h */,
				F28579E019919CAC00F139B7 /* BSDLayer.m */,
				F2CCA5B91991C4FA0067C35A /* BSDBasicAnimation.h */,
				F2CCA5BA1991C4FA0067C35A /* BSDBasicAnimation.m */,
			);
			path = UI;
			sourceTree = "<group>";
		};
		F26136F3198ED7520018F361 /* Utility */ = {
			isa = PBXGroup;
			children = (
				F26136F4198ED7520018F361 /* BSDBuffer.h */,
				F26136F5198ED7520018F361 /* BSDBuffer.m */,
				F26136F8198ED7520018F361 /* BSDTestVariable.h */,
				F26136F9198ED7520018F361 /* BSDTestVariable.m */,
				F267F20F198F66AC0077773F /* BSDVelocity.h */,
				F267F210198F66AC0077773F /* BSDVelocity.m */,
				F2CCA5BF1991E0FB0067C35A /* BSDSpeedLimit.h */,
				F2CCA5C01991E0FB0067C35A /* BSDSpeedLimit.m */,
			);
			path = Utility;
			sourceTree = "<group>";
		};
/* End PBXGroup section */

/* Begin PBXNativeTarget section */
		F243691D197499DF00512371 /* BSDPatchExample */ = {
			isa = PBXNativeTarget;
			buildConfigurationList = F2436953197499DF00512371 /* Build configuration list for PBXNativeTarget "BSDPatchExample" */;
			buildPhases = (
				F243691A197499DF00512371 /* Sources */,
				F243691B197499DF00512371 /* Frameworks */,
				F243691C197499DF00512371 /* Resources */,
			);
			buildRules = (
			);
			dependencies = (
			);
			name = BSDPatchExample;
			productName = BSDPatchExample;
			productReference = F243691E197499DF00512371 /* BSDPatchExample.app */;
			productType = "com.apple.product-type.application";
		};
		F2436941197499DF00512371 /* BSDPatchExampleTests */ = {
			isa = PBXNativeTarget;
			buildConfigurationList = F2436956197499DF00512371 /* Build configuration list for PBXNativeTarget "BSDPatchExampleTests" */;
			buildPhases = (
				F243693E197499DF00512371 /* Sources */,
				F243693F197499DF00512371 /* Frameworks */,
				F2436940197499DF00512371 /* Resources */,
			);
			buildRules = (
			);
			dependencies = (
				F2436948197499DF00512371 /* PBXTargetDependency */,
			);
			name = BSDPatchExampleTests;
			productName = BSDPatchExampleTests;
			productReference = F2436942197499DF00512371 /* BSDPatchExampleTests.xctest */;
			productType = "com.apple.product-type.bundle.unit-test";
		};
/* End PBXNativeTarget section */

/* Begin PBXProject section */
		F2436916197499DF00512371 /* Project object */ = {
			isa = PBXProject;
			attributes = {
				CLASSPREFIX = BSD;
				LastUpgradeCheck = 0510;
				ORGANIZATIONNAME = "birdSound LLC";
				TargetAttributes = {
					F2436941197499DF00512371 = {
						TestTargetID = F243691D197499DF00512371;
					};
				};
			};
			buildConfigurationList = F2436919197499DF00512371 /* Build configuration list for PBXProject "BSDPatchExample" */;
			compatibilityVersion = "Xcode 3.2";
			developmentRegion = English;
			hasScannedForEncodings = 0;
			knownRegions = (
				en,
				Base,
			);
			mainGroup = F2436915197499DF00512371;
			productRefGroup = F243691F197499DF00512371 /* Products */;
			projectDirPath = "";
			projectRoot = "";
			targets = (
				F243691D197499DF00512371 /* BSDPatchExample */,
				F2436941197499DF00512371 /* BSDPatchExampleTests */,
			);
		};
/* End PBXProject section */

/* Begin PBXResourcesBuildPhase section */
		F243691C197499DF00512371 /* Resources */ = {
			isa = PBXResourcesBuildPhase;
			buildActionMask = 2147483647;
			files = (
				F2436938197499DF00512371 /* Main_iPad.storyboard in Resources */,
				F243693D197499DF00512371 /* Images.xcassets in Resources */,
				F2436935197499DF00512371 /* Main_iPhone.storyboard in Resources */,
				F243692C197499DF00512371 /* InfoPlist.strings in Resources */,
			);
			runOnlyForDeploymentPostprocessing = 0;
		};
		F2436940197499DF00512371 /* Resources */ = {
			isa = PBXResourcesBuildPhase;
			buildActionMask = 2147483647;
			files = (
				F243694E197499DF00512371 /* InfoPlist.strings in Resources */,
			);
			runOnlyForDeploymentPostprocessing = 0;
		};
/* End PBXResourcesBuildPhase section */

/* Begin PBXSourcesBuildPhase section */
		F243691A197499DF00512371 /* Sources */ = {
			isa = PBXSourcesBuildPhase;
			buildActionMask = 2147483647;
			files = (
				F2CCA5BB1991C4FA0067C35A /* BSDBasicAnimation.m in Sources */,
				F261372C198ED7520018F361 /* BSDPoint2D.m in Sources */,
				F2613723198ED7520018F361 /* BSDEqualLess.m in Sources */,
				F2613741198ED7520018F361 /* BSDPTest.m in Sources */,
				F2613738198ED7520018F361 /* BSDOutlet.m in Sources */,
				F261373F198ED7520018F361 /* BSDView.m in Sources */,
				F2613705198ED7520018F361 /* BSDBang.m in Sources */,
				F261370B198ED7520018F361 /* BSDChange.m in Sources */,
				F2613735198ED7520018F361 /* BSDClipHard.m in Sources */,
				F261370C198ED7520018F361 /* BSDCounter.m in Sources */,
				F2613724198ED7520018F361 /* BSDGreater.m in Sources */,
				F2613706198ED7520018F361 /* BSDBangBox.m in Sources */,
				F261371A198ED7520018F361 /* BSDDivide.m in Sources */,
				F2D8E6BE198F53EC00216BC5 /* BSDExample.m in Sources */,
				F26136FC198ED7520018F361 /* BSDArrayElement.m in Sources */,
				F2CCA5C11991E0FB0067C35A /* BSDSpeedLimit.m in Sources */,
				F2613732198ED7520018F361 /* BSDStdDev.m in Sources */,
				F261371F198ED7520018F361 /* BSDReciprocal.m in Sources */,
				F2613737198ED7520018F361 /* BSDInlet.m in Sources */,
				F2613731198ED7520018F361 /* BSDMedian.m in Sources */,
				F2613722198ED7520018F361 /* BSDEqualGreater.m in Sources */,
				F2CCA5CA1991EDAB0067C35A /* BSDTan.m in Sources */,
				F2832D01197B782F00DD2E73 /* BSDEstimatedPointView.m in Sources */,
				F2613710198ED7520018F361 /* BSDSequence.m in Sources */,
				F2613730198ED7520018F361 /* BSDAverage.m in Sources */,
				F2613701198ED7520018F361 /* BSDArrayPrepend.m in Sources */,
				F261372F198ED7520018F361 /* BSDSplitPoint.m in Sources */,
				F261372D198ED7520018F361 /* BSDRect.m in Sources */,
				F261371C198ED7520018F361 /* BSDMod.m in Sources */,
				F2613707198ED7520018F361 /* NSValue+BSD.m in Sources */,
				F267F214198F71190077773F /* BSDPoint3D.m in Sources */,
				F243693B197499DF00512371 /* BSDViewController.m in Sources */,
				F2613719198ED7520018F361 /* BSDAdd.m in Sources */,
				F2613728198ED7520018F361 /* BSDDistance2D.m in Sources */,
				F2613709198ED7520018F361 /* BSDDictionarySerialize.m in Sources */,
				F261372B198ED7520018F361 /* BSDIntersect2CirclesHelper.m in Sources */,
				F2613721198ED7520018F361 /* BSDEqual.m in Sources */,
				F2CCA5BE1991CAE60067C35A /* BSDArrayAccum.m in Sources */,
				F261373B198ED7520018F361 /* BSDColor.m in Sources */,
				F261371B198ED7520018F361 /* BSDNaturalLog.m in Sources */,
				F2D3D51D197C736B008B37C2 /* BSDEstimatedPointLabel.m in Sources */,
				F261371D198ED7520018F361 /* BSDMultiply.m in Sources */,
				F261370D198ED7520018F361 /* BSDAddKey.m in Sources */,
				F261371E198ED7520018F361 /* BSDExponent.m in Sources */,
				F261372A198ED7520018F361 /* BSDIntersect2Circles.m in Sources */,
				F2613733198ED7520018F361 /* BSDAccum.m in Sources */,
				F2613711198ED7520018F361 /* BSDSpigot.m in Sources */,
				F267F20E198F63EB0077773F /* BSDMotionGenerator.m in Sources */,
				F21B7A99198F1B5800433676 /* BSDArrayEnumerate.m in Sources */,
				F2613714198ED7520018F361 /* BSDGenerator.m in Sources */,
				F261370F198ED7520018F361 /* BSDSelect.m in Sources */,
				F2613708198ED7520018F361 /* BSDArrayClassify.m in Sources */,
				F26136FE198ED7520018F361 /* BSDArrayLength.m in Sources */,
				F261373D198ED7520018F361 /* BSDLabel.m in Sources */,
				F2613713198ED7520018F361 /* BSDValueBox.m in Sources */,
				F28579E119919CAC00F139B7 /* BSDLayer.m in Sources */,
				F261372E198ED7520018F361 /* BSDRectSplit.m in Sources */,
				F26136FD198ED7520018F361 /* BSDArrayFilter.m in Sources */,
				F2CCA5C71991ED8B0067C35A /* BSDCos.m in Sources */,
				F2AFEFBC197B401D00461AE9 /* BSDReferencePointView.m in Sources */,
				F2613718198ED7520018F361 /* BSDAbs.m in Sources */,
				F2613725198ED7520018F361 /* BSDLess.m in Sources */,
				F26136FF198ED7520018F361 /* BSDArrayPack.m in Sources */,
				F2613739198ED7520018F361 /* BSDPort.m in Sources */,
				F261370A198ED7520018F361 /* BSDMapObject.m in Sources */,
				F2CCA5C41991ECEA0067C35A /* BSDSin.m in Sources */,
				F2613703198ED7520018F361 /* BSDArraySort.m in Sources */,
				F2613715198ED7520018F361 /* BSDTouchGenerator.m in Sources */,
				F267F211198F66AC0077773F /* BSDVelocity.m in Sources */,
				F2613700198ED7520018F361 /* BSDArrayNormalize.m in Sources */,
				F261373C198ED7520018F361 /* BSDFont.m in Sources */,
				F2613720198ED7520018F361 /* BSDSubtract.m in Sources */,
				F2613712198ED7520018F361 /* BSDSwap.m in Sources */,
				F2B4D049199B1A9D00EB94AC /* BSDVideoStream.m in Sources */,
				F2613729198ED7520018F361 /* BSDDistanceFrom2DPoint.m in Sources */,
				F2613726198ED7520018F361 /* BSDMax.m in Sources */,
				F2613734198ED7520018F361 /* BSDClipSoft.m in Sources */,
				F2436932197499DF00512371 /* BSDAppDelegate.m in Sources */,
				F261373A198ED7520018F361 /* BSDFormatString.m in Sources */,
				F243692E197499DF00512371 /* main.m in Sources */,
				F2613704198ED7520018F361 /* BSDSplitArray.m in Sources */,
				F26136FB198ED7520018F361 /* BSDArraySerialize.m in Sources */,
				F2613717198ED7520018F361 /* BSDObject.m in Sources */,
				F2613727198ED7520018F361 /* BSDMin.m in Sources */,
				F261370E198ED7520018F361 /* BSDRoute.m in Sources */,
				F2D3D526197CA386008B37C2 /* BSDExamplePatch.m in Sources */,
				F2613742198ED7520018F361 /* BSDTestVariable.m in Sources */,
				F2613716198ED7520018F361 /* BSDCreate.m in Sources */,
				F2613736198ED7520018F361 /* BSDInt.m in Sources */,
				F2613740198ED7520018F361 /* BSDBuffer.m in Sources */,
			);
			runOnlyForDeploymentPostprocessing = 0;
		};
		F243693E197499DF00512371 /* Sources */ = {
			isa = PBXSourcesBuildPhase;
			buildActionMask = 2147483647;
			files = (
				F2436950197499DF00512371 /* BSDPatchExampleTests.m in Sources */,
			);
			runOnlyForDeploymentPostprocessing = 0;
		};
/* End PBXSourcesBuildPhase section */

/* Begin PBXTargetDependency section */
		F2436948197499DF00512371 /* PBXTargetDependency */ = {
			isa = PBXTargetDependency;
			target = F243691D197499DF00512371 /* BSDPatchExample */;
			targetProxy = F2436947197499DF00512371 /* PBXContainerItemProxy */;
		};
/* End PBXTargetDependency section */

/* Begin PBXVariantGroup section */
		F243692A197499DF00512371 /* InfoPlist.strings */ = {
			isa = PBXVariantGroup;
			children = (
				F243692B197499DF00512371 /* en */,
			);
			name = InfoPlist.strings;
			sourceTree = "<group>";
		};
		F2436933197499DF00512371 /* Main_iPhone.storyboard */ = {
			isa = PBXVariantGroup;
			children = (
				F2436934197499DF00512371 /* Base */,
			);
			name = Main_iPhone.storyboard;
			sourceTree = "<group>";
		};
		F2436936197499DF00512371 /* Main_iPad.storyboard */ = {
			isa = PBXVariantGroup;
			children = (
				F2436937197499DF00512371 /* Base */,
			);
			name = Main_iPad.storyboard;
			sourceTree = "<group>";
		};
		F243694C197499DF00512371 /* InfoPlist.strings */ = {
			isa = PBXVariantGroup;
			children = (
				F243694D197499DF00512371 /* en */,
			);
			name = InfoPlist.strings;
			sourceTree = "<group>";
		};
/* End PBXVariantGroup section */

/* Begin XCBuildConfiguration section */
		F2436951197499DF00512371 /* Debug */ = {
			isa = XCBuildConfiguration;
			buildSettings = {
				ALWAYS_SEARCH_USER_PATHS = NO;
				CLANG_CXX_LANGUAGE_STANDARD = "gnu++0x";
				CLANG_CXX_LIBRARY = "libc++";
				CLANG_ENABLE_MODULES = YES;
				CLANG_ENABLE_OBJC_ARC = YES;
				CLANG_WARN_BOOL_CONVERSION = YES;
				CLANG_WARN_CONSTANT_CONVERSION = YES;
				CLANG_WARN_DIRECT_OBJC_ISA_USAGE = YES_ERROR;
				CLANG_WARN_EMPTY_BODY = YES;
				CLANG_WARN_ENUM_CONVERSION = YES;
				CLANG_WARN_INT_CONVERSION = YES;
				CLANG_WARN_OBJC_ROOT_CLASS = YES_ERROR;
				CLANG_WARN__DUPLICATE_METHOD_MATCH = YES;
				"CODE_SIGN_IDENTITY[sdk=iphoneos*]" = "iPhone Developer";
				COPY_PHASE_STRIP = NO;
				GCC_C_LANGUAGE_STANDARD = gnu99;
				GCC_DYNAMIC_NO_PIC = NO;
				GCC_OPTIMIZATION_LEVEL = 0;
				GCC_PREPROCESSOR_DEFINITIONS = (
					"DEBUG=1",
					"$(inherited)",
				);
				GCC_SYMBOLS_PRIVATE_EXTERN = NO;
				GCC_WARN_64_TO_32_BIT_CONVERSION = YES;
				GCC_WARN_ABOUT_RETURN_TYPE = YES_ERROR;
				GCC_WARN_UNDECLARED_SELECTOR = YES;
				GCC_WARN_UNINITIALIZED_AUTOS = YES_AGGRESSIVE;
				GCC_WARN_UNUSED_FUNCTION = YES;
				GCC_WARN_UNUSED_VARIABLE = YES;
				IPHONEOS_DEPLOYMENT_TARGET = 7.1;
				ONLY_ACTIVE_ARCH = YES;
				SDKROOT = iphoneos;
				TARGETED_DEVICE_FAMILY = "1,2";
			};
			name = Debug;
		};
		F2436952197499DF00512371 /* Release */ = {
			isa = XCBuildConfiguration;
			buildSettings = {
				ALWAYS_SEARCH_USER_PATHS = NO;
				CLANG_CXX_LANGUAGE_STANDARD = "gnu++0x";
				CLANG_CXX_LIBRARY = "libc++";
				CLANG_ENABLE_MODULES = YES;
				CLANG_ENABLE_OBJC_ARC = YES;
				CLANG_WARN_BOOL_CONVERSION = YES;
				CLANG_WARN_CONSTANT_CONVERSION = YES;
				CLANG_WARN_DIRECT_OBJC_ISA_USAGE = YES_ERROR;
				CLANG_WARN_EMPTY_BODY = YES;
				CLANG_WARN_ENUM_CONVERSION = YES;
				CLANG_WARN_INT_CONVERSION = YES;
				CLANG_WARN_OBJC_ROOT_CLASS = YES_ERROR;
				CLANG_WARN__DUPLICATE_METHOD_MATCH = YES;
				"CODE_SIGN_IDENTITY[sdk=iphoneos*]" = "iPhone Developer";
				COPY_PHASE_STRIP = YES;
				ENABLE_NS_ASSERTIONS = NO;
				GCC_C_LANGUAGE_STANDARD = gnu99;
				GCC_WARN_64_TO_32_BIT_CONVERSION = YES;
				GCC_WARN_ABOUT_RETURN_TYPE = YES_ERROR;
				GCC_WARN_UNDECLARED_SELECTOR = YES;
				GCC_WARN_UNINITIALIZED_AUTOS = YES_AGGRESSIVE;
				GCC_WARN_UNUSED_FUNCTION = YES;
				GCC_WARN_UNUSED_VARIABLE = YES;
				IPHONEOS_DEPLOYMENT_TARGET = 7.1;
				SDKROOT = iphoneos;
				TARGETED_DEVICE_FAMILY = "1,2";
				VALIDATE_PRODUCT = YES;
			};
			name = Release;
		};
		F2436954197499DF00512371 /* Debug */ = {
			isa = XCBuildConfiguration;
			buildSettings = {
				ASSETCATALOG_COMPILER_APPICON_NAME = AppIcon;
				ASSETCATALOG_COMPILER_LAUNCHIMAGE_NAME = LaunchImage;
				GCC_PRECOMPILE_PREFIX_HEADER = YES;
				GCC_PREFIX_HEADER = "BSDPatchExample/BSDPatchExample-Prefix.pch";
				INFOPLIST_FILE = "BSDPatchExample/BSDPatchExample-Info.plist";
				PRODUCT_NAME = "$(TARGET_NAME)";
				WRAPPER_EXTENSION = app;
			};
			name = Debug;
		};
		F2436955197499DF00512371 /* Release */ = {
			isa = XCBuildConfiguration;
			buildSettings = {
				ASSETCATALOG_COMPILER_APPICON_NAME = AppIcon;
				ASSETCATALOG_COMPILER_LAUNCHIMAGE_NAME = LaunchImage;
				GCC_PRECOMPILE_PREFIX_HEADER = YES;
				GCC_PREFIX_HEADER = "BSDPatchExample/BSDPatchExample-Prefix.pch";
				INFOPLIST_FILE = "BSDPatchExample/BSDPatchExample-Info.plist";
				PRODUCT_NAME = "$(TARGET_NAME)";
				WRAPPER_EXTENSION = app;
			};
			name = Release;
		};
		F2436957197499DF00512371 /* Debug */ = {
			isa = XCBuildConfiguration;
			buildSettings = {
				BUNDLE_LOADER = "$(BUILT_PRODUCTS_DIR)/BSDPatchExample.app/BSDPatchExample";
				FRAMEWORK_SEARCH_PATHS = (
					"$(SDKROOT)/Developer/Library/Frameworks",
					"$(inherited)",
					"$(DEVELOPER_FRAMEWORKS_DIR)",
				);
				GCC_PRECOMPILE_PREFIX_HEADER = YES;
				GCC_PREFIX_HEADER = "BSDPatchExample/BSDPatchExample-Prefix.pch";
				GCC_PREPROCESSOR_DEFINITIONS = (
					"DEBUG=1",
					"$(inherited)",
				);
				INFOPLIST_FILE = "BSDPatchExampleTests/BSDPatchExampleTests-Info.plist";
				PRODUCT_NAME = "$(TARGET_NAME)";
				TEST_HOST = "$(BUNDLE_LOADER)";
				WRAPPER_EXTENSION = xctest;
			};
			name = Debug;
		};
		F2436958197499DF00512371 /* Release */ = {
			isa = XCBuildConfiguration;
			buildSettings = {
				BUNDLE_LOADER = "$(BUILT_PRODUCTS_DIR)/BSDPatchExample.app/BSDPatchExample";
				FRAMEWORK_SEARCH_PATHS = (
					"$(SDKROOT)/Developer/Library/Frameworks",
					"$(inherited)",
					"$(DEVELOPER_FRAMEWORKS_DIR)",
				);
				GCC_PRECOMPILE_PREFIX_HEADER = YES;
				GCC_PREFIX_HEADER = "BSDPatchExample/BSDPatchExample-Prefix.pch";
				INFOPLIST_FILE = "BSDPatchExampleTests/BSDPatchExampleTests-Info.plist";
				PRODUCT_NAME = "$(TARGET_NAME)";
				TEST_HOST = "$(BUNDLE_LOADER)";
				WRAPPER_EXTENSION = xctest;
			};
			name = Release;
		};
/* End XCBuildConfiguration section */

/* Begin XCConfigurationList section */
		F2436919197499DF00512371 /* Build configuration list for PBXProject "BSDPatchExample" */ = {
			isa = XCConfigurationList;
			buildConfigurations = (
				F2436951197499DF00512371 /* Debug */,
				F2436952197499DF00512371 /* Release */,
			);
			defaultConfigurationIsVisible = 0;
			defaultConfigurationName = Release;
		};
		F2436953197499DF00512371 /* Build configuration list for PBXNativeTarget "BSDPatchExample" */ = {
			isa = XCConfigurationList;
			buildConfigurations = (
				F2436954197499DF00512371 /* Debug */,
				F2436955197499DF00512371 /* Release */,
			);
			defaultConfigurationIsVisible = 0;
			defaultConfigurationName = Release;
		};
		F2436956197499DF00512371 /* Build configuration list for PBXNativeTarget "BSDPatchExampleTests" */ = {
			isa = XCConfigurationList;
			buildConfigurations = (
				F2436957197499DF00512371 /* Debug */,
				F2436958197499DF00512371 /* Release */,
			);
			defaultConfigurationIsVisible = 0;
			defaultConfigurationName = Release;
		};
/* End XCConfigurationList section */
	};
	rootObject = F2436916197499DF00512371 /* Project object */;
}
